
Microsoft Visual Studio Solution File, Format Version 12.00
Project("{FAE04EC0-301F-11D3-BF4B-00C04F79EFBC}") = "Problem1", "Problem1\Problem1.csproj", "{8E90628F-8EAC-4C69-B76C-2BB107603363}"
EndProject
Project("{FAE04EC0-301F-11D3-BF4B-00C04F79EFBC}") = "Problem2", "Problem2\Problem2.csproj", "{90E81410-40A9-4B89-9229-C6373843EDFC}"
EndProject
Project("{FAE04EC0-301F-11D3-BF4B-00C04F79EFBC}") = "Problem3", "Problem3\Problem3.csproj", "{1E5A9D85-35C0-4F9F-B7F5-630AD9E2B563}"
EndProject
Project("{FAE04EC0-301F-11D3-BF4B-00C04F79EFBC}") = "Problem4", "Problem4\Problem4.csproj", "{5E0023C5-4207-402C-BD3F-04E7E1C31606}"
EndProject
Project("{FAE04EC0-301F-11D3-BF4B-00C04F79EFBC}") = "Problem5", "Problem5\Problem5.csproj", "{40564837-5D00-43E9-8807-087586884CE8}"
EndProject
Project("{FAE04EC0-301F-11D3-BF4B-00C04F79EFBC}") = "Problem6", "Problem6\Problem6.csproj", "{0FF7DB3D-50B9-4742-9163-D70D0A9A4866}"
EndProject
Project("{FAE04EC0-301F-11D3-BF4B-00C04F79EFBC}") = "Problem7", "Problem7\Problem7.csproj", "{E56B2DD5-07F7-46CE-8383-F8AA6B992A36}"
EndProject
Project("{FAE04EC0-301F-11D3-BF4B-00C04F79EFBC}") = "Problem8", "Problem8\Problem8.csproj", "{D36F659D-65DB-43CA-894B-47E83BB5A15E}"
EndProject
Project("{FAE04EC0-301F-11D3-BF4B-00C04F79EFBC}") = "Problem9", "Problem9\Problem9.csproj", "{B065DF29-B3A9-4335-B2DC-710A080642AD}"
EndProject
Project("{FAE04EC0-301F-11D3-BF4B-00C04F79EFBC}") = "Problem41", "Problem41\Problem41.csproj", "{706AC103-9637-49F3-8605-13D1E1A89C48}"
EndProject
Project("{FAE04EC0-301F-11D3-BF4B-00C04F79EFBC}") = "Problem43", "Problem43\Problem43.csproj", "{50BF68CD-8BA9-4806-9012-15D6757821FD}"
EndProject
Project("{FAE04EC0-301F-11D3-BF4B-00C04F79EFBC}") = "Problem44", "Problem44\Problem44.csproj", "{4CA5E7F1-54D2-4692-9A0F-DE2C7E8CAE76}"
EndProject
Project("{FAE04EC0-301F-11D3-BF4B-00C04F79EFBC}") = "Problem10", "Problem10\Problem10.csproj", "{68740528-DEE4-4705-85B6-B5510A52C94D}"
EndProject
Project("{FAE04EC0-301F-11D3-BF4B-00C04F79EFBC}") = "Problem11", "Problem11\Problem11.csproj", "{76206DC8-C1F2-4344-854D-0D46C94725F2}"
EndProject
Project("{FAE04EC0-301F-11D3-BF4B-00C04F79EFBC}") = "Problem12", "Problem12\Problem12.csproj", "{F180D657-AFF2-48AA-9E8A-49DC7422E2A0}"
EndProject
Project("{FAE04EC0-301F-11D3-BF4B-00C04F79EFBC}") = "Problem13", "Problem13\Problem13.csproj", "{66C571D8-16D1-4263-9E12-366EDCC8C2C6}"
EndProject
Project("{FAE04EC0-301F-11D3-BF4B-00C04F79EFBC}") = "Problem14", "Problem14\Problem14.csproj", "{4D806C4C-992E-44FD-B17D-DE117E97E734}"
EndProject
Project("{FAE04EC0-301F-11D3-BF4B-00C04F79EFBC}") = "Problem15", "Problem15\Problem15.csproj", "{CBB0FC50-16CB-4FB9-8609-F2F607980166}"
EndProject
Project("{FAE04EC0-301F-11D3-BF4B-00C04F79EFBC}") = "Problem16", "Problem16\Problem16.csproj", "{45F88D9E-EEE4-4283-8667-B45165FA05B7}"
EndProject
Project("{FAE04EC0-301F-11D3-BF4B-00C04F79EFBC}") = "Problem17", "Problem17\Problem17.csproj", "{B497A616-F898-4D08-BED5-9A71F8AAABE9}"
EndProject
Project("{FAE04EC0-301F-11D3-BF4B-00C04F79EFBC}") = "Problem18", "Problem18\Problem18.csproj", "{35C5C961-E895-48DB-A1DB-EEC63866B2D4}"
EndProject
Project("{FAE04EC0-301F-11D3-BF4B-00C04F79EFBC}") = "Problem19", "Problem19\Problem19.csproj", "{F8831AEE-BAFE-4331-967F-C113F608B1B5}"
EndProject
Project("{FAE04EC0-301F-11D3-BF4B-00C04F79EFBC}") = "Problem20", "Problem20\Problem20.csproj", "{D1E885C6-737A-499F-A609-F7420EDC3462}"
EndProject
Project("{FAE04EC0-301F-11D3-BF4B-00C04F79EFBC}") = "Problem21", "Problem21\Problem21.csproj", "{3D7C6A47-9922-4317-9F35-9920AE2AC0EE}"
EndProject
Project("{FAE04EC0-301F-11D3-BF4B-00C04F79EFBC}") = "Problem22", "Problem22\Problem22.csproj", "{01840924-3299-4862-BCFD-E7C0B81C5A74}"
EndProject
Project("{FAE04EC0-301F-11D3-BF4B-00C04F79EFBC}") = "Problem23", "Problem23\Problem23.csproj", "{43A0A438-01D2-4291-B2DF-F28B761DDA96}"
EndProject
Project("{FAE04EC0-301F-11D3-BF4B-00C04F79EFBC}") = "Problem24", "Problem24\Problem24.csproj", "{2F03B801-F908-4899-9DE7-80E763321E8A}"
EndProject
Project("{FAE04EC0-301F-11D3-BF4B-00C04F79EFBC}") = "Problem25", "Problem25\Problem25.csproj", "{271EE014-B930-4E44-ADC7-7AD65224A7E7}"
EndProject
Project("{FAE04EC0-301F-11D3-BF4B-00C04F79EFBC}") = "Problem26", "Problem26\Problem26.csproj", "{7DD19210-9256-4625-B940-3A98428D052D}"
EndProject
Project("{FAE04EC0-301F-11D3-BF4B-00C04F79EFBC}") = "Problem27", "Problem27\Problem27.csproj", "{CB9FE8EF-8176-43C9-9713-2107BEFAB491}"
EndProject
Project("{FAE04EC0-301F-11D3-BF4B-00C04F79EFBC}") = "Problem28", "Problem28\Problem28.csproj", "{E4A07C04-6538-4086-802B-45EA08845773}"
EndProject
Project("{FAE04EC0-301F-11D3-BF4B-00C04F79EFBC}") = "Problem29", "Problem29\Problem29.csproj", "{9D243C36-9216-4E83-9064-C13927BE702C}"
EndProject
Project("{FAE04EC0-301F-11D3-BF4B-00C04F79EFBC}") = "Problem30", "Problem30\Problem30.csproj", "{91184D93-F872-47AA-815E-B18F38FD3EBB}"
EndProject
Project("{FAE04EC0-301F-11D3-BF4B-00C04F79EFBC}") = "Problem31", "Problem31\Problem31.csproj", "{AF0E4CC9-9552-4CF7-A945-EE2AE49DD2C9}"
EndProject
Project("{FAE04EC0-301F-11D3-BF4B-00C04F79EFBC}") = "Problem32", "Problem32\Problem32.csproj", "{4CB3813A-62D0-40F0-B0F4-147E79DBCEAC}"
EndProject
Project("{FAE04EC0-301F-11D3-BF4B-00C04F79EFBC}") = "Problem33", "Problem33\Problem33.csproj", "{8C7C9C17-482A-411A-9E55-B5A978D8F4DF}"
EndProject
Project("{FAE04EC0-301F-11D3-BF4B-00C04F79EFBC}") = "Problem34", "Problem34\Problem34.csproj", "{27029477-FE67-4DE3-B851-4BE742A1DCAF}"
EndProject
Project("{FAE04EC0-301F-11D3-BF4B-00C04F79EFBC}") = "Problem35", "Problem35\Problem35.csproj", "{D04D7F08-F0F6-4F19-9765-24A336B5E01D}"
EndProject
Project("{FAE04EC0-301F-11D3-BF4B-00C04F79EFBC}") = "Problem36", "Problem36\Problem36.csproj", "{6A91CECA-5D4A-4A55-B5F4-5C25EA2C892C}"
EndProject
Project("{FAE04EC0-301F-11D3-BF4B-00C04F79EFBC}") = "Problem38", "Problem38\Problem38.csproj", "{41907F02-BDB7-43C1-8F78-D4AD3A043F45}"
EndProject
Project("{FAE04EC0-301F-11D3-BF4B-00C04F79EFBC}") = "Problem39", "Problem39\Problem39.csproj", "{5E0BAC41-E316-4B9E-A301-18768BACAED4}"
EndProject
Project("{FAE04EC0-301F-11D3-BF4B-00C04F79EFBC}") = "Problem40", "Problem40\Problem40.csproj", "{4F81D870-D658-4340-BF94-D7AA68086575}"
EndProject
Project("{FAE04EC0-301F-11D3-BF4B-00C04F79EFBC}") = "Problem42", "Problem42\Problem42.csproj", "{47223657-9F0C-4598-92D3-5F3EB95D037F}"
EndProject
Project("{FAE04EC0-301F-11D3-BF4B-00C04F79EFBC}") = "Problem58", "Problem58\Problem58.csproj", "{DE8084A1-2868-4E1E-8ACF-194E80B299C3}"
EndProject
Project("{FAE04EC0-301F-11D3-BF4B-00C04F79EFBC}") = "Problem63", "Problem63\Problem63.csproj", "{DF55ACE7-F58F-40A9-B0B5-B10505E8323C}"
EndProject
Project("{FAE04EC0-301F-11D3-BF4B-00C04F79EFBC}") = "Problem92", "Problem92\Problem92.csproj", "{671D8609-0CEC-4A22-8816-AED5DC8D76A9}"
EndProject
Project("{FAE04EC0-301F-11D3-BF4B-00C04F79EFBC}") = "Problem97", "Problem97\Problem97.csproj", "{AD5E1FBC-DE0C-4731-AD2D-46E9A8569B58}"
EndProject
Project("{FAE04EC0-301F-11D3-BF4B-00C04F79EFBC}") = "Problem416", "Problem416\Problem416.csproj", "{BD4A206E-9B25-4A4F-8937-DA5F379A5A7D}"
EndProject
Project("{FAE04EC0-301F-11D3-BF4B-00C04F79EFBC}") = "Problem59", "Problem59\Problem59.csproj", "{8B5CE929-ADF7-4F23-A9E6-6D6EC42EA319}"
EndProject
Project("{FAE04EC0-301F-11D3-BF4B-00C04F79EFBC}") = "Problem60", "Problem60\Problem60.csproj", "{2F0A6467-AA40-4EF7-B545-C58A11C496A8}"
EndProject
Project("{FAE04EC0-301F-11D3-BF4B-00C04F79EFBC}") = "Problem61", "Problem61\Problem61.csproj", "{DFD5B63B-5CFD-46ED-962A-4F7172CE1F29}"
EndProject
Project("{FAE04EC0-301F-11D3-BF4B-00C04F79EFBC}") = "Problem62", "Problem62\Problem62.csproj", "{6787D60C-DE8B-442F-AAF0-3545B1679FD6}"
EndProject
Project("{FAE04EC0-301F-11D3-BF4B-00C04F79EFBC}") = "Problem64", "Problem64\Problem64.csproj", "{B47604B6-C540-4044-8AF5-946CB047B019}"
EndProject
Project("{FAE04EC0-301F-11D3-BF4B-00C04F79EFBC}") = "Problem65", "Problem65\Problem65.csproj", "{EA89761A-F217-4AAC-A4E6-B6D9FF95405E}"
EndProject
Project("{FAE04EC0-301F-11D3-BF4B-00C04F79EFBC}") = "Problem66", "Problem66\Problem66.csproj", "{D372D525-8828-467B-8640-6B40740FC306}"
EndProject
Project("{FAE04EC0-301F-11D3-BF4B-00C04F79EFBC}") = "Problem67", "Problem67\Problem67.csproj", "{D7EBD9B9-BA90-48A8-A17A-3996C7E97707}"
EndProject
Project("{FAE04EC0-301F-11D3-BF4B-00C04F79EFBC}") = "Problem68", "Problem68\Problem68.csproj", "{C80186B3-6A78-43C4-BDCD-94ED99269116}"
EndProject
Project("{FAE04EC0-301F-11D3-BF4B-00C04F79EFBC}") = "Problem69", "Problem69\Problem69.csproj", "{509DD332-C4DC-4EB1-8756-150240EFF966}"
EndProject
Project("{FAE04EC0-301F-11D3-BF4B-00C04F79EFBC}") = "Problem70", "Problem70\Problem70.csproj", "{0375241A-EE6B-4715-B830-F59E7FAA7782}"
EndProject
Project("{FAE04EC0-301F-11D3-BF4B-00C04F79EFBC}") = "Problem71", "Problem71\Problem71.csproj", "{805B34C2-8A8A-4915-9C91-54D609F852B3}"
EndProject
Project("{FAE04EC0-301F-11D3-BF4B-00C04F79EFBC}") = "Problem72", "Problem72\Problem72.csproj", "{EB6EE653-13D1-48D2-B8D6-B3B514325CEB}"
EndProject
Project("{FAE04EC0-301F-11D3-BF4B-00C04F79EFBC}") = "Problem73", "Problem73\Problem73.csproj", "{E8FD75A7-4DAC-4418-8F52-77BFF787CF06}"
EndProject
Project("{FAE04EC0-301F-11D3-BF4B-00C04F79EFBC}") = "Problem74", "Problem74\Problem74.csproj", "{4F5C5404-CE50-42CF-89EE-F799124BCDB2}"
EndProject
Project("{FAE04EC0-301F-11D3-BF4B-00C04F79EFBC}") = "Problem75", "Problem75\Problem75.csproj", "{3182F02B-5B84-40A0-B977-8A01C9962EEC}"
EndProject
Project("{FAE04EC0-301F-11D3-BF4B-00C04F79EFBC}") = "Problem76", "Problem76\Problem76.csproj", "{C7358191-BC53-4308-B2A2-E2B2AE2F87DF}"
EndProject
Project("{FAE04EC0-301F-11D3-BF4B-00C04F79EFBC}") = "Problem77", "Problem77\Problem77.csproj", "{2AB8232F-B4E0-4CA5-83E1-12DA90B7249D}"
EndProject
Project("{FAE04EC0-301F-11D3-BF4B-00C04F79EFBC}") = "Problem78", "Problem78\Problem78.csproj", "{09F171A8-8581-4E77-A3BB-D676B64BBC6E}"
EndProject
Project("{FAE04EC0-301F-11D3-BF4B-00C04F79EFBC}") = "Problem79", "Problem79\Problem79.csproj", "{EDB06D2F-D769-482D-8E58-1E36A250441F}"
EndProject
Project("{FAE04EC0-301F-11D3-BF4B-00C04F79EFBC}") = "Problem80", "Problem80\Problem80.csproj", "{9386DFBF-1BB3-478B-8150-8B81885E2B89}"
EndProject
Project("{FAE04EC0-301F-11D3-BF4B-00C04F79EFBC}") = "Problem81", "Problem81\Problem81.csproj", "{46EB6325-BC65-4E2D-A9E9-1267F0660D27}"
EndProject
Project("{FAE04EC0-301F-11D3-BF4B-00C04F79EFBC}") = "Problem82", "Problem82\Problem82.csproj", "{7B75F321-9154-4EFD-B5BA-0C181F406BB8}"
EndProject
Project("{FAE04EC0-301F-11D3-BF4B-00C04F79EFBC}") = "Problem83", "Problem83\Problem83.csproj", "{16018275-FB83-4263-934F-3D7B30EAF2C9}"
EndProject
Project("{FAE04EC0-301F-11D3-BF4B-00C04F79EFBC}") = "Problem84", "Problem84\Problem84.csproj", "{25254F42-8FAE-489A-9BBD-79A0804413B3}"
EndProject
Project("{FAE04EC0-301F-11D3-BF4B-00C04F79EFBC}") = "Problem85", "Problem85\Problem85.csproj", "{10BB8D20-798F-4BBD-8B0B-E7458812606A}"
EndProject
Project("{FAE04EC0-301F-11D3-BF4B-00C04F79EFBC}") = "Problem86", "Problem86\Problem86.csproj", "{BA7B0F01-74BC-4253-9C3A-5820A8D5649F}"
EndProject
Project("{FAE04EC0-301F-11D3-BF4B-00C04F79EFBC}") = "Problem87", "Problem87\Problem87.csproj", "{A3AE91D5-B2BA-42AD-ACDC-BBDF73F82E8C}"
EndProject
Project("{FAE04EC0-301F-11D3-BF4B-00C04F79EFBC}") = "Problem88", "Problem88\Problem88.csproj", "{AA63CCAA-3EC0-4D28-99C6-0CDD13214EED}"
EndProject
Project("{FAE04EC0-301F-11D3-BF4B-00C04F79EFBC}") = "Problem89", "Problem89\Problem89.csproj", "{21872CB3-63F2-4EA9-8DBE-0E243A548A14}"
EndProject
Project("{FAE04EC0-301F-11D3-BF4B-00C04F79EFBC}") = "Problem90", "Problem90\Problem90.csproj", "{ED29C0B6-8BE8-419D-96EF-93134B007E30}"
EndProject
Project("{FAE04EC0-301F-11D3-BF4B-00C04F79EFBC}") = "Problem91", "Problem91\Problem91.csproj", "{B8AC4354-C0D1-4E30-9506-CC7AB5172B86}"
EndProject
Project("{FAE04EC0-301F-11D3-BF4B-00C04F79EFBC}") = "Problem93", "Problem93\Problem93.csproj", "{45D2AC67-17B1-4FB4-8961-A2D207148D29}"
EndProject
Project("{FAE04EC0-301F-11D3-BF4B-00C04F79EFBC}") = "Problem94", "Problem94\Problem94.csproj", "{DDD675A5-4860-4D50-A7F8-E3369C8C0D42}"
EndProject
Project("{FAE04EC0-301F-11D3-BF4B-00C04F79EFBC}") = "Problem95", "Problem95\Problem95.csproj", "{7839FE67-9691-4489-81E9-96DFAA433E14}"
EndProject
Project("{FAE04EC0-301F-11D3-BF4B-00C04F79EFBC}") = "Problem96", "Problem96\Problem96.csproj", "{C45E60B3-D45A-44EB-996A-57029AB80112}"
EndProject
Project("{FAE04EC0-301F-11D3-BF4B-00C04F79EFBC}") = "Problem98", "Problem98\Problem98.csproj", "{CF144917-DCD5-4F83-A349-764A1DA6A19B}"
EndProject
Project("{FAE04EC0-301F-11D3-BF4B-00C04F79EFBC}") = "Problem99", "Problem99\Problem99.csproj", "{4E8813A0-479A-45B6-A671-36B757F62737}"
EndProject
Project("{FAE04EC0-301F-11D3-BF4B-00C04F79EFBC}") = "Problem100", "Problem100\Problem100.csproj", "{983293FE-32FC-4B28-845A-F82E1D588901}"
EndProject
Global
	GlobalSection(SolutionConfigurationPlatforms) = preSolution
		Debug|Any CPU = Debug|Any CPU
		Debug|x64 = Debug|x64
		Debug|x86 = Debug|x86
		Release|Any CPU = Release|Any CPU
		Release|x64 = Release|x64
		Release|x86 = Release|x86
	EndGlobalSection
	GlobalSection(ProjectConfigurationPlatforms) = postSolution
		{8E90628F-8EAC-4C69-B76C-2BB107603363}.Debug|Any CPU.ActiveCfg = Debug|Any CPU
		{8E90628F-8EAC-4C69-B76C-2BB107603363}.Debug|Any CPU.Build.0 = Debug|Any CPU
		{8E90628F-8EAC-4C69-B76C-2BB107603363}.Debug|x64.ActiveCfg = Debug|Any CPU
		{8E90628F-8EAC-4C69-B76C-2BB107603363}.Debug|x64.Build.0 = Debug|Any CPU
		{8E90628F-8EAC-4C69-B76C-2BB107603363}.Debug|x86.ActiveCfg = Debug|Any CPU
		{8E90628F-8EAC-4C69-B76C-2BB107603363}.Debug|x86.Build.0 = Debug|Any CPU
		{8E90628F-8EAC-4C69-B76C-2BB107603363}.Release|Any CPU.ActiveCfg = Release|Any CPU
		{8E90628F-8EAC-4C69-B76C-2BB107603363}.Release|Any CPU.Build.0 = Release|Any CPU
		{8E90628F-8EAC-4C69-B76C-2BB107603363}.Release|x64.ActiveCfg = Release|Any CPU
		{8E90628F-8EAC-4C69-B76C-2BB107603363}.Release|x64.Build.0 = Release|Any CPU
		{8E90628F-8EAC-4C69-B76C-2BB107603363}.Release|x86.ActiveCfg = Release|Any CPU
		{8E90628F-8EAC-4C69-B76C-2BB107603363}.Release|x86.Build.0 = Release|Any CPU
		{90E81410-40A9-4B89-9229-C6373843EDFC}.Debug|Any CPU.ActiveCfg = Debug|Any CPU
		{90E81410-40A9-4B89-9229-C6373843EDFC}.Debug|Any CPU.Build.0 = Debug|Any CPU
		{90E81410-40A9-4B89-9229-C6373843EDFC}.Debug|x64.ActiveCfg = Debug|Any CPU
		{90E81410-40A9-4B89-9229-C6373843EDFC}.Debug|x64.Build.0 = Debug|Any CPU
		{90E81410-40A9-4B89-9229-C6373843EDFC}.Debug|x86.ActiveCfg = Debug|Any CPU
		{90E81410-40A9-4B89-9229-C6373843EDFC}.Debug|x86.Build.0 = Debug|Any CPU
		{90E81410-40A9-4B89-9229-C6373843EDFC}.Release|Any CPU.ActiveCfg = Release|Any CPU
		{90E81410-40A9-4B89-9229-C6373843EDFC}.Release|Any CPU.Build.0 = Release|Any CPU
		{90E81410-40A9-4B89-9229-C6373843EDFC}.Release|x64.ActiveCfg = Release|Any CPU
		{90E81410-40A9-4B89-9229-C6373843EDFC}.Release|x64.Build.0 = Release|Any CPU
		{90E81410-40A9-4B89-9229-C6373843EDFC}.Release|x86.ActiveCfg = Release|Any CPU
		{90E81410-40A9-4B89-9229-C6373843EDFC}.Release|x86.Build.0 = Release|Any CPU
		{1E5A9D85-35C0-4F9F-B7F5-630AD9E2B563}.Debug|Any CPU.ActiveCfg = Debug|Any CPU
		{1E5A9D85-35C0-4F9F-B7F5-630AD9E2B563}.Debug|Any CPU.Build.0 = Debug|Any CPU
		{1E5A9D85-35C0-4F9F-B7F5-630AD9E2B563}.Debug|x64.ActiveCfg = Debug|Any CPU
		{1E5A9D85-35C0-4F9F-B7F5-630AD9E2B563}.Debug|x64.Build.0 = Debug|Any CPU
		{1E5A9D85-35C0-4F9F-B7F5-630AD9E2B563}.Debug|x86.ActiveCfg = Debug|Any CPU
		{1E5A9D85-35C0-4F9F-B7F5-630AD9E2B563}.Debug|x86.Build.0 = Debug|Any CPU
		{1E5A9D85-35C0-4F9F-B7F5-630AD9E2B563}.Release|Any CPU.ActiveCfg = Release|Any CPU
		{1E5A9D85-35C0-4F9F-B7F5-630AD9E2B563}.Release|Any CPU.Build.0 = Release|Any CPU
		{1E5A9D85-35C0-4F9F-B7F5-630AD9E2B563}.Release|x64.ActiveCfg = Release|Any CPU
		{1E5A9D85-35C0-4F9F-B7F5-630AD9E2B563}.Release|x64.Build.0 = Release|Any CPU
		{1E5A9D85-35C0-4F9F-B7F5-630AD9E2B563}.Release|x86.ActiveCfg = Release|Any CPU
		{1E5A9D85-35C0-4F9F-B7F5-630AD9E2B563}.Release|x86.Build.0 = Release|Any CPU
		{5E0023C5-4207-402C-BD3F-04E7E1C31606}.Debug|Any CPU.ActiveCfg = Debug|Any CPU
		{5E0023C5-4207-402C-BD3F-04E7E1C31606}.Debug|Any CPU.Build.0 = Debug|Any CPU
		{5E0023C5-4207-402C-BD3F-04E7E1C31606}.Debug|x64.ActiveCfg = Debug|Any CPU
		{5E0023C5-4207-402C-BD3F-04E7E1C31606}.Debug|x64.Build.0 = Debug|Any CPU
		{5E0023C5-4207-402C-BD3F-04E7E1C31606}.Debug|x86.ActiveCfg = Debug|Any CPU
		{5E0023C5-4207-402C-BD3F-04E7E1C31606}.Debug|x86.Build.0 = Debug|Any CPU
		{5E0023C5-4207-402C-BD3F-04E7E1C31606}.Release|Any CPU.ActiveCfg = Release|Any CPU
		{5E0023C5-4207-402C-BD3F-04E7E1C31606}.Release|Any CPU.Build.0 = Release|Any CPU
		{5E0023C5-4207-402C-BD3F-04E7E1C31606}.Release|x64.ActiveCfg = Release|Any CPU
		{5E0023C5-4207-402C-BD3F-04E7E1C31606}.Release|x64.Build.0 = Release|Any CPU
		{5E0023C5-4207-402C-BD3F-04E7E1C31606}.Release|x86.ActiveCfg = Release|Any CPU
		{5E0023C5-4207-402C-BD3F-04E7E1C31606}.Release|x86.Build.0 = Release|Any CPU
		{40564837-5D00-43E9-8807-087586884CE8}.Debug|Any CPU.ActiveCfg = Debug|Any CPU
		{40564837-5D00-43E9-8807-087586884CE8}.Debug|Any CPU.Build.0 = Debug|Any CPU
		{40564837-5D00-43E9-8807-087586884CE8}.Debug|x64.ActiveCfg = Debug|Any CPU
		{40564837-5D00-43E9-8807-087586884CE8}.Debug|x64.Build.0 = Debug|Any CPU
		{40564837-5D00-43E9-8807-087586884CE8}.Debug|x86.ActiveCfg = Debug|Any CPU
		{40564837-5D00-43E9-8807-087586884CE8}.Debug|x86.Build.0 = Debug|Any CPU
		{40564837-5D00-43E9-8807-087586884CE8}.Release|Any CPU.ActiveCfg = Release|Any CPU
		{40564837-5D00-43E9-8807-087586884CE8}.Release|Any CPU.Build.0 = Release|Any CPU
		{40564837-5D00-43E9-8807-087586884CE8}.Release|x64.ActiveCfg = Release|Any CPU
		{40564837-5D00-43E9-8807-087586884CE8}.Release|x64.Build.0 = Release|Any CPU
		{40564837-5D00-43E9-8807-087586884CE8}.Release|x86.ActiveCfg = Release|Any CPU
		{40564837-5D00-43E9-8807-087586884CE8}.Release|x86.Build.0 = Release|Any CPU
		{0FF7DB3D-50B9-4742-9163-D70D0A9A4866}.Debug|Any CPU.ActiveCfg = Debug|Any CPU
		{0FF7DB3D-50B9-4742-9163-D70D0A9A4866}.Debug|Any CPU.Build.0 = Debug|Any CPU
		{0FF7DB3D-50B9-4742-9163-D70D0A9A4866}.Debug|x64.ActiveCfg = Debug|Any CPU
		{0FF7DB3D-50B9-4742-9163-D70D0A9A4866}.Debug|x64.Build.0 = Debug|Any CPU
		{0FF7DB3D-50B9-4742-9163-D70D0A9A4866}.Debug|x86.ActiveCfg = Debug|Any CPU
		{0FF7DB3D-50B9-4742-9163-D70D0A9A4866}.Debug|x86.Build.0 = Debug|Any CPU
		{0FF7DB3D-50B9-4742-9163-D70D0A9A4866}.Release|Any CPU.ActiveCfg = Release|Any CPU
		{0FF7DB3D-50B9-4742-9163-D70D0A9A4866}.Release|Any CPU.Build.0 = Release|Any CPU
		{0FF7DB3D-50B9-4742-9163-D70D0A9A4866}.Release|x64.ActiveCfg = Release|Any CPU
		{0FF7DB3D-50B9-4742-9163-D70D0A9A4866}.Release|x64.Build.0 = Release|Any CPU
		{0FF7DB3D-50B9-4742-9163-D70D0A9A4866}.Release|x86.ActiveCfg = Release|Any CPU
		{0FF7DB3D-50B9-4742-9163-D70D0A9A4866}.Release|x86.Build.0 = Release|Any CPU
		{E56B2DD5-07F7-46CE-8383-F8AA6B992A36}.Debug|Any CPU.ActiveCfg = Debug|Any CPU
		{E56B2DD5-07F7-46CE-8383-F8AA6B992A36}.Debug|Any CPU.Build.0 = Debug|Any CPU
		{E56B2DD5-07F7-46CE-8383-F8AA6B992A36}.Debug|x64.ActiveCfg = Debug|Any CPU
		{E56B2DD5-07F7-46CE-8383-F8AA6B992A36}.Debug|x64.Build.0 = Debug|Any CPU
		{E56B2DD5-07F7-46CE-8383-F8AA6B992A36}.Debug|x86.ActiveCfg = Debug|Any CPU
		{E56B2DD5-07F7-46CE-8383-F8AA6B992A36}.Debug|x86.Build.0 = Debug|Any CPU
		{E56B2DD5-07F7-46CE-8383-F8AA6B992A36}.Release|Any CPU.ActiveCfg = Release|Any CPU
		{E56B2DD5-07F7-46CE-8383-F8AA6B992A36}.Release|Any CPU.Build.0 = Release|Any CPU
		{E56B2DD5-07F7-46CE-8383-F8AA6B992A36}.Release|x64.ActiveCfg = Release|Any CPU
		{E56B2DD5-07F7-46CE-8383-F8AA6B992A36}.Release|x64.Build.0 = Release|Any CPU
		{E56B2DD5-07F7-46CE-8383-F8AA6B992A36}.Release|x86.ActiveCfg = Release|Any CPU
		{E56B2DD5-07F7-46CE-8383-F8AA6B992A36}.Release|x86.Build.0 = Release|Any CPU
		{D36F659D-65DB-43CA-894B-47E83BB5A15E}.Debug|Any CPU.ActiveCfg = Debug|Any CPU
		{D36F659D-65DB-43CA-894B-47E83BB5A15E}.Debug|Any CPU.Build.0 = Debug|Any CPU
		{D36F659D-65DB-43CA-894B-47E83BB5A15E}.Debug|x64.ActiveCfg = Debug|Any CPU
		{D36F659D-65DB-43CA-894B-47E83BB5A15E}.Debug|x64.Build.0 = Debug|Any CPU
		{D36F659D-65DB-43CA-894B-47E83BB5A15E}.Debug|x86.ActiveCfg = Debug|Any CPU
		{D36F659D-65DB-43CA-894B-47E83BB5A15E}.Debug|x86.Build.0 = Debug|Any CPU
		{D36F659D-65DB-43CA-894B-47E83BB5A15E}.Release|Any CPU.ActiveCfg = Release|Any CPU
		{D36F659D-65DB-43CA-894B-47E83BB5A15E}.Release|Any CPU.Build.0 = Release|Any CPU
		{D36F659D-65DB-43CA-894B-47E83BB5A15E}.Release|x64.ActiveCfg = Release|Any CPU
		{D36F659D-65DB-43CA-894B-47E83BB5A15E}.Release|x64.Build.0 = Release|Any CPU
		{D36F659D-65DB-43CA-894B-47E83BB5A15E}.Release|x86.ActiveCfg = Release|Any CPU
		{D36F659D-65DB-43CA-894B-47E83BB5A15E}.Release|x86.Build.0 = Release|Any CPU
		{B065DF29-B3A9-4335-B2DC-710A080642AD}.Debug|Any CPU.ActiveCfg = Debug|Any CPU
		{B065DF29-B3A9-4335-B2DC-710A080642AD}.Debug|Any CPU.Build.0 = Debug|Any CPU
		{B065DF29-B3A9-4335-B2DC-710A080642AD}.Debug|x64.ActiveCfg = Debug|Any CPU
		{B065DF29-B3A9-4335-B2DC-710A080642AD}.Debug|x64.Build.0 = Debug|Any CPU
		{B065DF29-B3A9-4335-B2DC-710A080642AD}.Debug|x86.ActiveCfg = Debug|Any CPU
		{B065DF29-B3A9-4335-B2DC-710A080642AD}.Debug|x86.Build.0 = Debug|Any CPU
		{B065DF29-B3A9-4335-B2DC-710A080642AD}.Release|Any CPU.ActiveCfg = Release|Any CPU
		{B065DF29-B3A9-4335-B2DC-710A080642AD}.Release|Any CPU.Build.0 = Release|Any CPU
		{B065DF29-B3A9-4335-B2DC-710A080642AD}.Release|x64.ActiveCfg = Release|Any CPU
		{B065DF29-B3A9-4335-B2DC-710A080642AD}.Release|x64.Build.0 = Release|Any CPU
		{B065DF29-B3A9-4335-B2DC-710A080642AD}.Release|x86.ActiveCfg = Release|Any CPU
		{B065DF29-B3A9-4335-B2DC-710A080642AD}.Release|x86.Build.0 = Release|Any CPU
		{706AC103-9637-49F3-8605-13D1E1A89C48}.Debug|Any CPU.ActiveCfg = Debug|Any CPU
		{706AC103-9637-49F3-8605-13D1E1A89C48}.Debug|Any CPU.Build.0 = Debug|Any CPU
		{706AC103-9637-49F3-8605-13D1E1A89C48}.Debug|x64.ActiveCfg = Debug|Any CPU
		{706AC103-9637-49F3-8605-13D1E1A89C48}.Debug|x64.Build.0 = Debug|Any CPU
		{706AC103-9637-49F3-8605-13D1E1A89C48}.Debug|x86.ActiveCfg = Debug|Any CPU
		{706AC103-9637-49F3-8605-13D1E1A89C48}.Debug|x86.Build.0 = Debug|Any CPU
		{706AC103-9637-49F3-8605-13D1E1A89C48}.Release|Any CPU.ActiveCfg = Release|Any CPU
		{706AC103-9637-49F3-8605-13D1E1A89C48}.Release|Any CPU.Build.0 = Release|Any CPU
		{706AC103-9637-49F3-8605-13D1E1A89C48}.Release|x64.ActiveCfg = Release|Any CPU
		{706AC103-9637-49F3-8605-13D1E1A89C48}.Release|x64.Build.0 = Release|Any CPU
		{706AC103-9637-49F3-8605-13D1E1A89C48}.Release|x86.ActiveCfg = Release|Any CPU
		{706AC103-9637-49F3-8605-13D1E1A89C48}.Release|x86.Build.0 = Release|Any CPU
		{50BF68CD-8BA9-4806-9012-15D6757821FD}.Debug|Any CPU.ActiveCfg = Debug|Any CPU
		{50BF68CD-8BA9-4806-9012-15D6757821FD}.Debug|Any CPU.Build.0 = Debug|Any CPU
		{50BF68CD-8BA9-4806-9012-15D6757821FD}.Debug|x64.ActiveCfg = Debug|Any CPU
		{50BF68CD-8BA9-4806-9012-15D6757821FD}.Debug|x64.Build.0 = Debug|Any CPU
		{50BF68CD-8BA9-4806-9012-15D6757821FD}.Debug|x86.ActiveCfg = Debug|Any CPU
		{50BF68CD-8BA9-4806-9012-15D6757821FD}.Debug|x86.Build.0 = Debug|Any CPU
		{50BF68CD-8BA9-4806-9012-15D6757821FD}.Release|Any CPU.ActiveCfg = Release|Any CPU
		{50BF68CD-8BA9-4806-9012-15D6757821FD}.Release|Any CPU.Build.0 = Release|Any CPU
		{50BF68CD-8BA9-4806-9012-15D6757821FD}.Release|x64.ActiveCfg = Release|Any CPU
		{50BF68CD-8BA9-4806-9012-15D6757821FD}.Release|x64.Build.0 = Release|Any CPU
		{50BF68CD-8BA9-4806-9012-15D6757821FD}.Release|x86.ActiveCfg = Release|Any CPU
		{50BF68CD-8BA9-4806-9012-15D6757821FD}.Release|x86.Build.0 = Release|Any CPU
		{4CA5E7F1-54D2-4692-9A0F-DE2C7E8CAE76}.Debug|Any CPU.ActiveCfg = Debug|Any CPU
		{4CA5E7F1-54D2-4692-9A0F-DE2C7E8CAE76}.Debug|Any CPU.Build.0 = Debug|Any CPU
		{4CA5E7F1-54D2-4692-9A0F-DE2C7E8CAE76}.Debug|x64.ActiveCfg = Debug|Any CPU
		{4CA5E7F1-54D2-4692-9A0F-DE2C7E8CAE76}.Debug|x64.Build.0 = Debug|Any CPU
		{4CA5E7F1-54D2-4692-9A0F-DE2C7E8CAE76}.Debug|x86.ActiveCfg = Debug|Any CPU
		{4CA5E7F1-54D2-4692-9A0F-DE2C7E8CAE76}.Debug|x86.Build.0 = Debug|Any CPU
		{4CA5E7F1-54D2-4692-9A0F-DE2C7E8CAE76}.Release|Any CPU.ActiveCfg = Release|Any CPU
		{4CA5E7F1-54D2-4692-9A0F-DE2C7E8CAE76}.Release|Any CPU.Build.0 = Release|Any CPU
		{4CA5E7F1-54D2-4692-9A0F-DE2C7E8CAE76}.Release|x64.ActiveCfg = Release|Any CPU
		{4CA5E7F1-54D2-4692-9A0F-DE2C7E8CAE76}.Release|x64.Build.0 = Release|Any CPU
		{4CA5E7F1-54D2-4692-9A0F-DE2C7E8CAE76}.Release|x86.ActiveCfg = Release|Any CPU
		{4CA5E7F1-54D2-4692-9A0F-DE2C7E8CAE76}.Release|x86.Build.0 = Release|Any CPU
		{68740528-DEE4-4705-85B6-B5510A52C94D}.Debug|Any CPU.ActiveCfg = Debug|Any CPU
		{68740528-DEE4-4705-85B6-B5510A52C94D}.Debug|Any CPU.Build.0 = Debug|Any CPU
		{68740528-DEE4-4705-85B6-B5510A52C94D}.Debug|x64.ActiveCfg = Debug|Any CPU
		{68740528-DEE4-4705-85B6-B5510A52C94D}.Debug|x64.Build.0 = Debug|Any CPU
		{68740528-DEE4-4705-85B6-B5510A52C94D}.Debug|x86.ActiveCfg = Debug|Any CPU
		{68740528-DEE4-4705-85B6-B5510A52C94D}.Debug|x86.Build.0 = Debug|Any CPU
		{68740528-DEE4-4705-85B6-B5510A52C94D}.Release|Any CPU.ActiveCfg = Release|Any CPU
		{68740528-DEE4-4705-85B6-B5510A52C94D}.Release|Any CPU.Build.0 = Release|Any CPU
		{68740528-DEE4-4705-85B6-B5510A52C94D}.Release|x64.ActiveCfg = Release|Any CPU
		{68740528-DEE4-4705-85B6-B5510A52C94D}.Release|x64.Build.0 = Release|Any CPU
		{68740528-DEE4-4705-85B6-B5510A52C94D}.Release|x86.ActiveCfg = Release|Any CPU
		{68740528-DEE4-4705-85B6-B5510A52C94D}.Release|x86.Build.0 = Release|Any CPU
		{76206DC8-C1F2-4344-854D-0D46C94725F2}.Debug|Any CPU.ActiveCfg = Debug|Any CPU
		{76206DC8-C1F2-4344-854D-0D46C94725F2}.Debug|Any CPU.Build.0 = Debug|Any CPU
		{76206DC8-C1F2-4344-854D-0D46C94725F2}.Debug|x64.ActiveCfg = Debug|Any CPU
		{76206DC8-C1F2-4344-854D-0D46C94725F2}.Debug|x64.Build.0 = Debug|Any CPU
		{76206DC8-C1F2-4344-854D-0D46C94725F2}.Debug|x86.ActiveCfg = Debug|Any CPU
		{76206DC8-C1F2-4344-854D-0D46C94725F2}.Debug|x86.Build.0 = Debug|Any CPU
		{76206DC8-C1F2-4344-854D-0D46C94725F2}.Release|Any CPU.ActiveCfg = Release|Any CPU
		{76206DC8-C1F2-4344-854D-0D46C94725F2}.Release|Any CPU.Build.0 = Release|Any CPU
		{76206DC8-C1F2-4344-854D-0D46C94725F2}.Release|x64.ActiveCfg = Release|Any CPU
		{76206DC8-C1F2-4344-854D-0D46C94725F2}.Release|x64.Build.0 = Release|Any CPU
		{76206DC8-C1F2-4344-854D-0D46C94725F2}.Release|x86.ActiveCfg = Release|Any CPU
		{76206DC8-C1F2-4344-854D-0D46C94725F2}.Release|x86.Build.0 = Release|Any CPU
		{F180D657-AFF2-48AA-9E8A-49DC7422E2A0}.Debug|Any CPU.ActiveCfg = Debug|Any CPU
		{F180D657-AFF2-48AA-9E8A-49DC7422E2A0}.Debug|Any CPU.Build.0 = Debug|Any CPU
		{F180D657-AFF2-48AA-9E8A-49DC7422E2A0}.Debug|x64.ActiveCfg = Debug|Any CPU
		{F180D657-AFF2-48AA-9E8A-49DC7422E2A0}.Debug|x64.Build.0 = Debug|Any CPU
		{F180D657-AFF2-48AA-9E8A-49DC7422E2A0}.Debug|x86.ActiveCfg = Debug|Any CPU
		{F180D657-AFF2-48AA-9E8A-49DC7422E2A0}.Debug|x86.Build.0 = Debug|Any CPU
		{F180D657-AFF2-48AA-9E8A-49DC7422E2A0}.Release|Any CPU.ActiveCfg = Release|Any CPU
		{F180D657-AFF2-48AA-9E8A-49DC7422E2A0}.Release|Any CPU.Build.0 = Release|Any CPU
		{F180D657-AFF2-48AA-9E8A-49DC7422E2A0}.Release|x64.ActiveCfg = Release|Any CPU
		{F180D657-AFF2-48AA-9E8A-49DC7422E2A0}.Release|x64.Build.0 = Release|Any CPU
		{F180D657-AFF2-48AA-9E8A-49DC7422E2A0}.Release|x86.ActiveCfg = Release|Any CPU
		{F180D657-AFF2-48AA-9E8A-49DC7422E2A0}.Release|x86.Build.0 = Release|Any CPU
		{66C571D8-16D1-4263-9E12-366EDCC8C2C6}.Debug|Any CPU.ActiveCfg = Debug|Any CPU
		{66C571D8-16D1-4263-9E12-366EDCC8C2C6}.Debug|Any CPU.Build.0 = Debug|Any CPU
		{66C571D8-16D1-4263-9E12-366EDCC8C2C6}.Debug|x64.ActiveCfg = Debug|Any CPU
		{66C571D8-16D1-4263-9E12-366EDCC8C2C6}.Debug|x64.Build.0 = Debug|Any CPU
		{66C571D8-16D1-4263-9E12-366EDCC8C2C6}.Debug|x86.ActiveCfg = Debug|Any CPU
		{66C571D8-16D1-4263-9E12-366EDCC8C2C6}.Debug|x86.Build.0 = Debug|Any CPU
		{66C571D8-16D1-4263-9E12-366EDCC8C2C6}.Release|Any CPU.ActiveCfg = Release|Any CPU
		{66C571D8-16D1-4263-9E12-366EDCC8C2C6}.Release|Any CPU.Build.0 = Release|Any CPU
		{66C571D8-16D1-4263-9E12-366EDCC8C2C6}.Release|x64.ActiveCfg = Release|Any CPU
		{66C571D8-16D1-4263-9E12-366EDCC8C2C6}.Release|x64.Build.0 = Release|Any CPU
		{66C571D8-16D1-4263-9E12-366EDCC8C2C6}.Release|x86.ActiveCfg = Release|Any CPU
		{66C571D8-16D1-4263-9E12-366EDCC8C2C6}.Release|x86.Build.0 = Release|Any CPU
		{4D806C4C-992E-44FD-B17D-DE117E97E734}.Debug|Any CPU.ActiveCfg = Debug|Any CPU
		{4D806C4C-992E-44FD-B17D-DE117E97E734}.Debug|Any CPU.Build.0 = Debug|Any CPU
		{4D806C4C-992E-44FD-B17D-DE117E97E734}.Debug|x64.ActiveCfg = Debug|Any CPU
		{4D806C4C-992E-44FD-B17D-DE117E97E734}.Debug|x64.Build.0 = Debug|Any CPU
		{4D806C4C-992E-44FD-B17D-DE117E97E734}.Debug|x86.ActiveCfg = Debug|Any CPU
		{4D806C4C-992E-44FD-B17D-DE117E97E734}.Debug|x86.Build.0 = Debug|Any CPU
		{4D806C4C-992E-44FD-B17D-DE117E97E734}.Release|Any CPU.ActiveCfg = Release|Any CPU
		{4D806C4C-992E-44FD-B17D-DE117E97E734}.Release|Any CPU.Build.0 = Release|Any CPU
		{4D806C4C-992E-44FD-B17D-DE117E97E734}.Release|x64.ActiveCfg = Release|Any CPU
		{4D806C4C-992E-44FD-B17D-DE117E97E734}.Release|x64.Build.0 = Release|Any CPU
		{4D806C4C-992E-44FD-B17D-DE117E97E734}.Release|x86.ActiveCfg = Release|Any CPU
		{4D806C4C-992E-44FD-B17D-DE117E97E734}.Release|x86.Build.0 = Release|Any CPU
		{CBB0FC50-16CB-4FB9-8609-F2F607980166}.Debug|Any CPU.ActiveCfg = Debug|Any CPU
		{CBB0FC50-16CB-4FB9-8609-F2F607980166}.Debug|Any CPU.Build.0 = Debug|Any CPU
		{CBB0FC50-16CB-4FB9-8609-F2F607980166}.Debug|x64.ActiveCfg = Debug|Any CPU
		{CBB0FC50-16CB-4FB9-8609-F2F607980166}.Debug|x64.Build.0 = Debug|Any CPU
		{CBB0FC50-16CB-4FB9-8609-F2F607980166}.Debug|x86.ActiveCfg = Debug|Any CPU
		{CBB0FC50-16CB-4FB9-8609-F2F607980166}.Debug|x86.Build.0 = Debug|Any CPU
		{CBB0FC50-16CB-4FB9-8609-F2F607980166}.Release|Any CPU.ActiveCfg = Release|Any CPU
		{CBB0FC50-16CB-4FB9-8609-F2F607980166}.Release|Any CPU.Build.0 = Release|Any CPU
		{CBB0FC50-16CB-4FB9-8609-F2F607980166}.Release|x64.ActiveCfg = Release|Any CPU
		{CBB0FC50-16CB-4FB9-8609-F2F607980166}.Release|x64.Build.0 = Release|Any CPU
		{CBB0FC50-16CB-4FB9-8609-F2F607980166}.Release|x86.ActiveCfg = Release|Any CPU
		{CBB0FC50-16CB-4FB9-8609-F2F607980166}.Release|x86.Build.0 = Release|Any CPU
		{45F88D9E-EEE4-4283-8667-B45165FA05B7}.Debug|Any CPU.ActiveCfg = Debug|Any CPU
		{45F88D9E-EEE4-4283-8667-B45165FA05B7}.Debug|Any CPU.Build.0 = Debug|Any CPU
		{45F88D9E-EEE4-4283-8667-B45165FA05B7}.Debug|x64.ActiveCfg = Debug|Any CPU
		{45F88D9E-EEE4-4283-8667-B45165FA05B7}.Debug|x64.Build.0 = Debug|Any CPU
		{45F88D9E-EEE4-4283-8667-B45165FA05B7}.Debug|x86.ActiveCfg = Debug|Any CPU
		{45F88D9E-EEE4-4283-8667-B45165FA05B7}.Debug|x86.Build.0 = Debug|Any CPU
		{45F88D9E-EEE4-4283-8667-B45165FA05B7}.Release|Any CPU.ActiveCfg = Release|Any CPU
		{45F88D9E-EEE4-4283-8667-B45165FA05B7}.Release|Any CPU.Build.0 = Release|Any CPU
		{45F88D9E-EEE4-4283-8667-B45165FA05B7}.Release|x64.ActiveCfg = Release|Any CPU
		{45F88D9E-EEE4-4283-8667-B45165FA05B7}.Release|x64.Build.0 = Release|Any CPU
		{45F88D9E-EEE4-4283-8667-B45165FA05B7}.Release|x86.ActiveCfg = Release|Any CPU
		{45F88D9E-EEE4-4283-8667-B45165FA05B7}.Release|x86.Build.0 = Release|Any CPU
		{B497A616-F898-4D08-BED5-9A71F8AAABE9}.Debug|Any CPU.ActiveCfg = Debug|Any CPU
		{B497A616-F898-4D08-BED5-9A71F8AAABE9}.Debug|Any CPU.Build.0 = Debug|Any CPU
		{B497A616-F898-4D08-BED5-9A71F8AAABE9}.Debug|x64.ActiveCfg = Debug|Any CPU
		{B497A616-F898-4D08-BED5-9A71F8AAABE9}.Debug|x64.Build.0 = Debug|Any CPU
		{B497A616-F898-4D08-BED5-9A71F8AAABE9}.Debug|x86.ActiveCfg = Debug|Any CPU
		{B497A616-F898-4D08-BED5-9A71F8AAABE9}.Debug|x86.Build.0 = Debug|Any CPU
		{B497A616-F898-4D08-BED5-9A71F8AAABE9}.Release|Any CPU.ActiveCfg = Release|Any CPU
		{B497A616-F898-4D08-BED5-9A71F8AAABE9}.Release|Any CPU.Build.0 = Release|Any CPU
		{B497A616-F898-4D08-BED5-9A71F8AAABE9}.Release|x64.ActiveCfg = Release|Any CPU
		{B497A616-F898-4D08-BED5-9A71F8AAABE9}.Release|x64.Build.0 = Release|Any CPU
		{B497A616-F898-4D08-BED5-9A71F8AAABE9}.Release|x86.ActiveCfg = Release|Any CPU
		{B497A616-F898-4D08-BED5-9A71F8AAABE9}.Release|x86.Build.0 = Release|Any CPU
		{35C5C961-E895-48DB-A1DB-EEC63866B2D4}.Debug|Any CPU.ActiveCfg = Debug|Any CPU
		{35C5C961-E895-48DB-A1DB-EEC63866B2D4}.Debug|Any CPU.Build.0 = Debug|Any CPU
		{35C5C961-E895-48DB-A1DB-EEC63866B2D4}.Debug|x64.ActiveCfg = Debug|Any CPU
		{35C5C961-E895-48DB-A1DB-EEC63866B2D4}.Debug|x64.Build.0 = Debug|Any CPU
		{35C5C961-E895-48DB-A1DB-EEC63866B2D4}.Debug|x86.ActiveCfg = Debug|Any CPU
		{35C5C961-E895-48DB-A1DB-EEC63866B2D4}.Debug|x86.Build.0 = Debug|Any CPU
		{35C5C961-E895-48DB-A1DB-EEC63866B2D4}.Release|Any CPU.ActiveCfg = Release|Any CPU
		{35C5C961-E895-48DB-A1DB-EEC63866B2D4}.Release|Any CPU.Build.0 = Release|Any CPU
		{35C5C961-E895-48DB-A1DB-EEC63866B2D4}.Release|x64.ActiveCfg = Release|Any CPU
		{35C5C961-E895-48DB-A1DB-EEC63866B2D4}.Release|x64.Build.0 = Release|Any CPU
		{35C5C961-E895-48DB-A1DB-EEC63866B2D4}.Release|x86.ActiveCfg = Release|Any CPU
		{35C5C961-E895-48DB-A1DB-EEC63866B2D4}.Release|x86.Build.0 = Release|Any CPU
		{F8831AEE-BAFE-4331-967F-C113F608B1B5}.Debug|Any CPU.ActiveCfg = Debug|Any CPU
		{F8831AEE-BAFE-4331-967F-C113F608B1B5}.Debug|Any CPU.Build.0 = Debug|Any CPU
		{F8831AEE-BAFE-4331-967F-C113F608B1B5}.Debug|x64.ActiveCfg = Debug|Any CPU
		{F8831AEE-BAFE-4331-967F-C113F608B1B5}.Debug|x64.Build.0 = Debug|Any CPU
		{F8831AEE-BAFE-4331-967F-C113F608B1B5}.Debug|x86.ActiveCfg = Debug|Any CPU
		{F8831AEE-BAFE-4331-967F-C113F608B1B5}.Debug|x86.Build.0 = Debug|Any CPU
		{F8831AEE-BAFE-4331-967F-C113F608B1B5}.Release|Any CPU.ActiveCfg = Release|Any CPU
		{F8831AEE-BAFE-4331-967F-C113F608B1B5}.Release|Any CPU.Build.0 = Release|Any CPU
		{F8831AEE-BAFE-4331-967F-C113F608B1B5}.Release|x64.ActiveCfg = Release|Any CPU
		{F8831AEE-BAFE-4331-967F-C113F608B1B5}.Release|x64.Build.0 = Release|Any CPU
		{F8831AEE-BAFE-4331-967F-C113F608B1B5}.Release|x86.ActiveCfg = Release|Any CPU
		{F8831AEE-BAFE-4331-967F-C113F608B1B5}.Release|x86.Build.0 = Release|Any CPU
		{D1E885C6-737A-499F-A609-F7420EDC3462}.Debug|Any CPU.ActiveCfg = Debug|Any CPU
		{D1E885C6-737A-499F-A609-F7420EDC3462}.Debug|Any CPU.Build.0 = Debug|Any CPU
		{D1E885C6-737A-499F-A609-F7420EDC3462}.Debug|x64.ActiveCfg = Debug|Any CPU
		{D1E885C6-737A-499F-A609-F7420EDC3462}.Debug|x64.Build.0 = Debug|Any CPU
		{D1E885C6-737A-499F-A609-F7420EDC3462}.Debug|x86.ActiveCfg = Debug|Any CPU
		{D1E885C6-737A-499F-A609-F7420EDC3462}.Debug|x86.Build.0 = Debug|Any CPU
		{D1E885C6-737A-499F-A609-F7420EDC3462}.Release|Any CPU.ActiveCfg = Release|Any CPU
		{D1E885C6-737A-499F-A609-F7420EDC3462}.Release|Any CPU.Build.0 = Release|Any CPU
		{D1E885C6-737A-499F-A609-F7420EDC3462}.Release|x64.ActiveCfg = Release|Any CPU
		{D1E885C6-737A-499F-A609-F7420EDC3462}.Release|x64.Build.0 = Release|Any CPU
		{D1E885C6-737A-499F-A609-F7420EDC3462}.Release|x86.ActiveCfg = Release|Any CPU
		{D1E885C6-737A-499F-A609-F7420EDC3462}.Release|x86.Build.0 = Release|Any CPU
		{3D7C6A47-9922-4317-9F35-9920AE2AC0EE}.Debug|Any CPU.ActiveCfg = Debug|Any CPU
		{3D7C6A47-9922-4317-9F35-9920AE2AC0EE}.Debug|Any CPU.Build.0 = Debug|Any CPU
		{3D7C6A47-9922-4317-9F35-9920AE2AC0EE}.Debug|x64.ActiveCfg = Debug|Any CPU
		{3D7C6A47-9922-4317-9F35-9920AE2AC0EE}.Debug|x64.Build.0 = Debug|Any CPU
		{3D7C6A47-9922-4317-9F35-9920AE2AC0EE}.Debug|x86.ActiveCfg = Debug|Any CPU
		{3D7C6A47-9922-4317-9F35-9920AE2AC0EE}.Debug|x86.Build.0 = Debug|Any CPU
		{3D7C6A47-9922-4317-9F35-9920AE2AC0EE}.Release|Any CPU.ActiveCfg = Release|Any CPU
		{3D7C6A47-9922-4317-9F35-9920AE2AC0EE}.Release|Any CPU.Build.0 = Release|Any CPU
		{3D7C6A47-9922-4317-9F35-9920AE2AC0EE}.Release|x64.ActiveCfg = Release|Any CPU
		{3D7C6A47-9922-4317-9F35-9920AE2AC0EE}.Release|x64.Build.0 = Release|Any CPU
		{3D7C6A47-9922-4317-9F35-9920AE2AC0EE}.Release|x86.ActiveCfg = Release|Any CPU
		{3D7C6A47-9922-4317-9F35-9920AE2AC0EE}.Release|x86.Build.0 = Release|Any CPU
		{01840924-3299-4862-BCFD-E7C0B81C5A74}.Debug|Any CPU.ActiveCfg = Debug|Any CPU
		{01840924-3299-4862-BCFD-E7C0B81C5A74}.Debug|Any CPU.Build.0 = Debug|Any CPU
		{01840924-3299-4862-BCFD-E7C0B81C5A74}.Debug|x64.ActiveCfg = Debug|Any CPU
		{01840924-3299-4862-BCFD-E7C0B81C5A74}.Debug|x64.Build.0 = Debug|Any CPU
		{01840924-3299-4862-BCFD-E7C0B81C5A74}.Debug|x86.ActiveCfg = Debug|Any CPU
		{01840924-3299-4862-BCFD-E7C0B81C5A74}.Debug|x86.Build.0 = Debug|Any CPU
		{01840924-3299-4862-BCFD-E7C0B81C5A74}.Release|Any CPU.ActiveCfg = Release|Any CPU
		{01840924-3299-4862-BCFD-E7C0B81C5A74}.Release|Any CPU.Build.0 = Release|Any CPU
		{01840924-3299-4862-BCFD-E7C0B81C5A74}.Release|x64.ActiveCfg = Release|Any CPU
		{01840924-3299-4862-BCFD-E7C0B81C5A74}.Release|x64.Build.0 = Release|Any CPU
		{01840924-3299-4862-BCFD-E7C0B81C5A74}.Release|x86.ActiveCfg = Release|Any CPU
		{01840924-3299-4862-BCFD-E7C0B81C5A74}.Release|x86.Build.0 = Release|Any CPU
		{43A0A438-01D2-4291-B2DF-F28B761DDA96}.Debug|Any CPU.ActiveCfg = Debug|Any CPU
		{43A0A438-01D2-4291-B2DF-F28B761DDA96}.Debug|Any CPU.Build.0 = Debug|Any CPU
		{43A0A438-01D2-4291-B2DF-F28B761DDA96}.Debug|x64.ActiveCfg = Debug|Any CPU
		{43A0A438-01D2-4291-B2DF-F28B761DDA96}.Debug|x64.Build.0 = Debug|Any CPU
		{43A0A438-01D2-4291-B2DF-F28B761DDA96}.Debug|x86.ActiveCfg = Debug|Any CPU
		{43A0A438-01D2-4291-B2DF-F28B761DDA96}.Debug|x86.Build.0 = Debug|Any CPU
		{43A0A438-01D2-4291-B2DF-F28B761DDA96}.Release|Any CPU.ActiveCfg = Release|Any CPU
		{43A0A438-01D2-4291-B2DF-F28B761DDA96}.Release|Any CPU.Build.0 = Release|Any CPU
		{43A0A438-01D2-4291-B2DF-F28B761DDA96}.Release|x64.ActiveCfg = Release|Any CPU
		{43A0A438-01D2-4291-B2DF-F28B761DDA96}.Release|x64.Build.0 = Release|Any CPU
		{43A0A438-01D2-4291-B2DF-F28B761DDA96}.Release|x86.ActiveCfg = Release|Any CPU
		{43A0A438-01D2-4291-B2DF-F28B761DDA96}.Release|x86.Build.0 = Release|Any CPU
		{2F03B801-F908-4899-9DE7-80E763321E8A}.Debug|Any CPU.ActiveCfg = Debug|Any CPU
		{2F03B801-F908-4899-9DE7-80E763321E8A}.Debug|Any CPU.Build.0 = Debug|Any CPU
		{2F03B801-F908-4899-9DE7-80E763321E8A}.Debug|x64.ActiveCfg = Debug|Any CPU
		{2F03B801-F908-4899-9DE7-80E763321E8A}.Debug|x64.Build.0 = Debug|Any CPU
		{2F03B801-F908-4899-9DE7-80E763321E8A}.Debug|x86.ActiveCfg = Debug|Any CPU
		{2F03B801-F908-4899-9DE7-80E763321E8A}.Debug|x86.Build.0 = Debug|Any CPU
		{2F03B801-F908-4899-9DE7-80E763321E8A}.Release|Any CPU.ActiveCfg = Release|Any CPU
		{2F03B801-F908-4899-9DE7-80E763321E8A}.Release|Any CPU.Build.0 = Release|Any CPU
		{2F03B801-F908-4899-9DE7-80E763321E8A}.Release|x64.ActiveCfg = Release|Any CPU
		{2F03B801-F908-4899-9DE7-80E763321E8A}.Release|x64.Build.0 = Release|Any CPU
		{2F03B801-F908-4899-9DE7-80E763321E8A}.Release|x86.ActiveCfg = Release|Any CPU
		{2F03B801-F908-4899-9DE7-80E763321E8A}.Release|x86.Build.0 = Release|Any CPU
		{271EE014-B930-4E44-ADC7-7AD65224A7E7}.Debug|Any CPU.ActiveCfg = Debug|Any CPU
		{271EE014-B930-4E44-ADC7-7AD65224A7E7}.Debug|Any CPU.Build.0 = Debug|Any CPU
		{271EE014-B930-4E44-ADC7-7AD65224A7E7}.Debug|x64.ActiveCfg = Debug|Any CPU
		{271EE014-B930-4E44-ADC7-7AD65224A7E7}.Debug|x64.Build.0 = Debug|Any CPU
		{271EE014-B930-4E44-ADC7-7AD65224A7E7}.Debug|x86.ActiveCfg = Debug|Any CPU
		{271EE014-B930-4E44-ADC7-7AD65224A7E7}.Debug|x86.Build.0 = Debug|Any CPU
		{271EE014-B930-4E44-ADC7-7AD65224A7E7}.Release|Any CPU.ActiveCfg = Release|Any CPU
		{271EE014-B930-4E44-ADC7-7AD65224A7E7}.Release|Any CPU.Build.0 = Release|Any CPU
		{271EE014-B930-4E44-ADC7-7AD65224A7E7}.Release|x64.ActiveCfg = Release|Any CPU
		{271EE014-B930-4E44-ADC7-7AD65224A7E7}.Release|x64.Build.0 = Release|Any CPU
		{271EE014-B930-4E44-ADC7-7AD65224A7E7}.Release|x86.ActiveCfg = Release|Any CPU
		{271EE014-B930-4E44-ADC7-7AD65224A7E7}.Release|x86.Build.0 = Release|Any CPU
		{7DD19210-9256-4625-B940-3A98428D052D}.Debug|Any CPU.ActiveCfg = Debug|Any CPU
		{7DD19210-9256-4625-B940-3A98428D052D}.Debug|Any CPU.Build.0 = Debug|Any CPU
		{7DD19210-9256-4625-B940-3A98428D052D}.Debug|x64.ActiveCfg = Debug|Any CPU
		{7DD19210-9256-4625-B940-3A98428D052D}.Debug|x64.Build.0 = Debug|Any CPU
		{7DD19210-9256-4625-B940-3A98428D052D}.Debug|x86.ActiveCfg = Debug|Any CPU
		{7DD19210-9256-4625-B940-3A98428D052D}.Debug|x86.Build.0 = Debug|Any CPU
		{7DD19210-9256-4625-B940-3A98428D052D}.Release|Any CPU.ActiveCfg = Release|Any CPU
		{7DD19210-9256-4625-B940-3A98428D052D}.Release|Any CPU.Build.0 = Release|Any CPU
		{7DD19210-9256-4625-B940-3A98428D052D}.Release|x64.ActiveCfg = Release|Any CPU
		{7DD19210-9256-4625-B940-3A98428D052D}.Release|x64.Build.0 = Release|Any CPU
		{7DD19210-9256-4625-B940-3A98428D052D}.Release|x86.ActiveCfg = Release|Any CPU
		{7DD19210-9256-4625-B940-3A98428D052D}.Release|x86.Build.0 = Release|Any CPU
		{CB9FE8EF-8176-43C9-9713-2107BEFAB491}.Debug|Any CPU.ActiveCfg = Debug|Any CPU
		{CB9FE8EF-8176-43C9-9713-2107BEFAB491}.Debug|Any CPU.Build.0 = Debug|Any CPU
		{CB9FE8EF-8176-43C9-9713-2107BEFAB491}.Debug|x64.ActiveCfg = Debug|Any CPU
		{CB9FE8EF-8176-43C9-9713-2107BEFAB491}.Debug|x64.Build.0 = Debug|Any CPU
		{CB9FE8EF-8176-43C9-9713-2107BEFAB491}.Debug|x86.ActiveCfg = Debug|Any CPU
		{CB9FE8EF-8176-43C9-9713-2107BEFAB491}.Debug|x86.Build.0 = Debug|Any CPU
		{CB9FE8EF-8176-43C9-9713-2107BEFAB491}.Release|Any CPU.ActiveCfg = Release|Any CPU
		{CB9FE8EF-8176-43C9-9713-2107BEFAB491}.Release|Any CPU.Build.0 = Release|Any CPU
		{CB9FE8EF-8176-43C9-9713-2107BEFAB491}.Release|x64.ActiveCfg = Release|Any CPU
		{CB9FE8EF-8176-43C9-9713-2107BEFAB491}.Release|x64.Build.0 = Release|Any CPU
		{CB9FE8EF-8176-43C9-9713-2107BEFAB491}.Release|x86.ActiveCfg = Release|Any CPU
		{CB9FE8EF-8176-43C9-9713-2107BEFAB491}.Release|x86.Build.0 = Release|Any CPU
		{E4A07C04-6538-4086-802B-45EA08845773}.Debug|Any CPU.ActiveCfg = Debug|Any CPU
		{E4A07C04-6538-4086-802B-45EA08845773}.Debug|Any CPU.Build.0 = Debug|Any CPU
		{E4A07C04-6538-4086-802B-45EA08845773}.Debug|x64.ActiveCfg = Debug|Any CPU
		{E4A07C04-6538-4086-802B-45EA08845773}.Debug|x64.Build.0 = Debug|Any CPU
		{E4A07C04-6538-4086-802B-45EA08845773}.Debug|x86.ActiveCfg = Debug|Any CPU
		{E4A07C04-6538-4086-802B-45EA08845773}.Debug|x86.Build.0 = Debug|Any CPU
		{E4A07C04-6538-4086-802B-45EA08845773}.Release|Any CPU.ActiveCfg = Release|Any CPU
		{E4A07C04-6538-4086-802B-45EA08845773}.Release|Any CPU.Build.0 = Release|Any CPU
		{E4A07C04-6538-4086-802B-45EA08845773}.Release|x64.ActiveCfg = Release|Any CPU
		{E4A07C04-6538-4086-802B-45EA08845773}.Release|x64.Build.0 = Release|Any CPU
		{E4A07C04-6538-4086-802B-45EA08845773}.Release|x86.ActiveCfg = Release|Any CPU
		{E4A07C04-6538-4086-802B-45EA08845773}.Release|x86.Build.0 = Release|Any CPU
		{9D243C36-9216-4E83-9064-C13927BE702C}.Debug|Any CPU.ActiveCfg = Debug|Any CPU
		{9D243C36-9216-4E83-9064-C13927BE702C}.Debug|Any CPU.Build.0 = Debug|Any CPU
		{9D243C36-9216-4E83-9064-C13927BE702C}.Debug|x64.ActiveCfg = Debug|Any CPU
		{9D243C36-9216-4E83-9064-C13927BE702C}.Debug|x64.Build.0 = Debug|Any CPU
		{9D243C36-9216-4E83-9064-C13927BE702C}.Debug|x86.ActiveCfg = Debug|Any CPU
		{9D243C36-9216-4E83-9064-C13927BE702C}.Debug|x86.Build.0 = Debug|Any CPU
		{9D243C36-9216-4E83-9064-C13927BE702C}.Release|Any CPU.ActiveCfg = Release|Any CPU
		{9D243C36-9216-4E83-9064-C13927BE702C}.Release|Any CPU.Build.0 = Release|Any CPU
		{9D243C36-9216-4E83-9064-C13927BE702C}.Release|x64.ActiveCfg = Release|Any CPU
		{9D243C36-9216-4E83-9064-C13927BE702C}.Release|x64.Build.0 = Release|Any CPU
		{9D243C36-9216-4E83-9064-C13927BE702C}.Release|x86.ActiveCfg = Release|Any CPU
		{9D243C36-9216-4E83-9064-C13927BE702C}.Release|x86.Build.0 = Release|Any CPU
		{91184D93-F872-47AA-815E-B18F38FD3EBB}.Debug|Any CPU.ActiveCfg = Debug|Any CPU
		{91184D93-F872-47AA-815E-B18F38FD3EBB}.Debug|Any CPU.Build.0 = Debug|Any CPU
		{91184D93-F872-47AA-815E-B18F38FD3EBB}.Debug|x64.ActiveCfg = Debug|Any CPU
		{91184D93-F872-47AA-815E-B18F38FD3EBB}.Debug|x64.Build.0 = Debug|Any CPU
		{91184D93-F872-47AA-815E-B18F38FD3EBB}.Debug|x86.ActiveCfg = Debug|Any CPU
		{91184D93-F872-47AA-815E-B18F38FD3EBB}.Debug|x86.Build.0 = Debug|Any CPU
		{91184D93-F872-47AA-815E-B18F38FD3EBB}.Release|Any CPU.ActiveCfg = Release|Any CPU
		{91184D93-F872-47AA-815E-B18F38FD3EBB}.Release|Any CPU.Build.0 = Release|Any CPU
		{91184D93-F872-47AA-815E-B18F38FD3EBB}.Release|x64.ActiveCfg = Release|Any CPU
		{91184D93-F872-47AA-815E-B18F38FD3EBB}.Release|x64.Build.0 = Release|Any CPU
		{91184D93-F872-47AA-815E-B18F38FD3EBB}.Release|x86.ActiveCfg = Release|Any CPU
		{91184D93-F872-47AA-815E-B18F38FD3EBB}.Release|x86.Build.0 = Release|Any CPU
		{AF0E4CC9-9552-4CF7-A945-EE2AE49DD2C9}.Debug|Any CPU.ActiveCfg = Debug|Any CPU
		{AF0E4CC9-9552-4CF7-A945-EE2AE49DD2C9}.Debug|Any CPU.Build.0 = Debug|Any CPU
		{AF0E4CC9-9552-4CF7-A945-EE2AE49DD2C9}.Debug|x64.ActiveCfg = Debug|Any CPU
		{AF0E4CC9-9552-4CF7-A945-EE2AE49DD2C9}.Debug|x64.Build.0 = Debug|Any CPU
		{AF0E4CC9-9552-4CF7-A945-EE2AE49DD2C9}.Debug|x86.ActiveCfg = Debug|Any CPU
		{AF0E4CC9-9552-4CF7-A945-EE2AE49DD2C9}.Debug|x86.Build.0 = Debug|Any CPU
		{AF0E4CC9-9552-4CF7-A945-EE2AE49DD2C9}.Release|Any CPU.ActiveCfg = Release|Any CPU
		{AF0E4CC9-9552-4CF7-A945-EE2AE49DD2C9}.Release|Any CPU.Build.0 = Release|Any CPU
		{AF0E4CC9-9552-4CF7-A945-EE2AE49DD2C9}.Release|x64.ActiveCfg = Release|Any CPU
		{AF0E4CC9-9552-4CF7-A945-EE2AE49DD2C9}.Release|x64.Build.0 = Release|Any CPU
		{AF0E4CC9-9552-4CF7-A945-EE2AE49DD2C9}.Release|x86.ActiveCfg = Release|Any CPU
		{AF0E4CC9-9552-4CF7-A945-EE2AE49DD2C9}.Release|x86.Build.0 = Release|Any CPU
		{4CB3813A-62D0-40F0-B0F4-147E79DBCEAC}.Debug|Any CPU.ActiveCfg = Debug|Any CPU
		{4CB3813A-62D0-40F0-B0F4-147E79DBCEAC}.Debug|Any CPU.Build.0 = Debug|Any CPU
		{4CB3813A-62D0-40F0-B0F4-147E79DBCEAC}.Debug|x64.ActiveCfg = Debug|Any CPU
		{4CB3813A-62D0-40F0-B0F4-147E79DBCEAC}.Debug|x64.Build.0 = Debug|Any CPU
		{4CB3813A-62D0-40F0-B0F4-147E79DBCEAC}.Debug|x86.ActiveCfg = Debug|Any CPU
		{4CB3813A-62D0-40F0-B0F4-147E79DBCEAC}.Debug|x86.Build.0 = Debug|Any CPU
		{4CB3813A-62D0-40F0-B0F4-147E79DBCEAC}.Release|Any CPU.ActiveCfg = Release|Any CPU
		{4CB3813A-62D0-40F0-B0F4-147E79DBCEAC}.Release|Any CPU.Build.0 = Release|Any CPU
		{4CB3813A-62D0-40F0-B0F4-147E79DBCEAC}.Release|x64.ActiveCfg = Release|Any CPU
		{4CB3813A-62D0-40F0-B0F4-147E79DBCEAC}.Release|x64.Build.0 = Release|Any CPU
		{4CB3813A-62D0-40F0-B0F4-147E79DBCEAC}.Release|x86.ActiveCfg = Release|Any CPU
		{4CB3813A-62D0-40F0-B0F4-147E79DBCEAC}.Release|x86.Build.0 = Release|Any CPU
		{8C7C9C17-482A-411A-9E55-B5A978D8F4DF}.Debug|Any CPU.ActiveCfg = Debug|Any CPU
		{8C7C9C17-482A-411A-9E55-B5A978D8F4DF}.Debug|Any CPU.Build.0 = Debug|Any CPU
		{8C7C9C17-482A-411A-9E55-B5A978D8F4DF}.Debug|x64.ActiveCfg = Debug|Any CPU
		{8C7C9C17-482A-411A-9E55-B5A978D8F4DF}.Debug|x64.Build.0 = Debug|Any CPU
		{8C7C9C17-482A-411A-9E55-B5A978D8F4DF}.Debug|x86.ActiveCfg = Debug|Any CPU
		{8C7C9C17-482A-411A-9E55-B5A978D8F4DF}.Debug|x86.Build.0 = Debug|Any CPU
		{8C7C9C17-482A-411A-9E55-B5A978D8F4DF}.Release|Any CPU.ActiveCfg = Release|Any CPU
		{8C7C9C17-482A-411A-9E55-B5A978D8F4DF}.Release|Any CPU.Build.0 = Release|Any CPU
		{8C7C9C17-482A-411A-9E55-B5A978D8F4DF}.Release|x64.ActiveCfg = Release|Any CPU
		{8C7C9C17-482A-411A-9E55-B5A978D8F4DF}.Release|x64.Build.0 = Release|Any CPU
		{8C7C9C17-482A-411A-9E55-B5A978D8F4DF}.Release|x86.ActiveCfg = Release|Any CPU
		{8C7C9C17-482A-411A-9E55-B5A978D8F4DF}.Release|x86.Build.0 = Release|Any CPU
		{27029477-FE67-4DE3-B851-4BE742A1DCAF}.Debug|Any CPU.ActiveCfg = Debug|Any CPU
		{27029477-FE67-4DE3-B851-4BE742A1DCAF}.Debug|Any CPU.Build.0 = Debug|Any CPU
		{27029477-FE67-4DE3-B851-4BE742A1DCAF}.Debug|x64.ActiveCfg = Debug|Any CPU
		{27029477-FE67-4DE3-B851-4BE742A1DCAF}.Debug|x64.Build.0 = Debug|Any CPU
		{27029477-FE67-4DE3-B851-4BE742A1DCAF}.Debug|x86.ActiveCfg = Debug|Any CPU
		{27029477-FE67-4DE3-B851-4BE742A1DCAF}.Debug|x86.Build.0 = Debug|Any CPU
		{27029477-FE67-4DE3-B851-4BE742A1DCAF}.Release|Any CPU.ActiveCfg = Release|Any CPU
		{27029477-FE67-4DE3-B851-4BE742A1DCAF}.Release|Any CPU.Build.0 = Release|Any CPU
		{27029477-FE67-4DE3-B851-4BE742A1DCAF}.Release|x64.ActiveCfg = Release|Any CPU
		{27029477-FE67-4DE3-B851-4BE742A1DCAF}.Release|x64.Build.0 = Release|Any CPU
		{27029477-FE67-4DE3-B851-4BE742A1DCAF}.Release|x86.ActiveCfg = Release|Any CPU
		{27029477-FE67-4DE3-B851-4BE742A1DCAF}.Release|x86.Build.0 = Release|Any CPU
		{D04D7F08-F0F6-4F19-9765-24A336B5E01D}.Debug|Any CPU.ActiveCfg = Debug|Any CPU
		{D04D7F08-F0F6-4F19-9765-24A336B5E01D}.Debug|Any CPU.Build.0 = Debug|Any CPU
		{D04D7F08-F0F6-4F19-9765-24A336B5E01D}.Debug|x64.ActiveCfg = Debug|Any CPU
		{D04D7F08-F0F6-4F19-9765-24A336B5E01D}.Debug|x64.Build.0 = Debug|Any CPU
		{D04D7F08-F0F6-4F19-9765-24A336B5E01D}.Debug|x86.ActiveCfg = Debug|Any CPU
		{D04D7F08-F0F6-4F19-9765-24A336B5E01D}.Debug|x86.Build.0 = Debug|Any CPU
		{D04D7F08-F0F6-4F19-9765-24A336B5E01D}.Release|Any CPU.ActiveCfg = Release|Any CPU
		{D04D7F08-F0F6-4F19-9765-24A336B5E01D}.Release|Any CPU.Build.0 = Release|Any CPU
		{D04D7F08-F0F6-4F19-9765-24A336B5E01D}.Release|x64.ActiveCfg = Release|Any CPU
		{D04D7F08-F0F6-4F19-9765-24A336B5E01D}.Release|x64.Build.0 = Release|Any CPU
		{D04D7F08-F0F6-4F19-9765-24A336B5E01D}.Release|x86.ActiveCfg = Release|Any CPU
		{D04D7F08-F0F6-4F19-9765-24A336B5E01D}.Release|x86.Build.0 = Release|Any CPU
		{6A91CECA-5D4A-4A55-B5F4-5C25EA2C892C}.Debug|Any CPU.ActiveCfg = Debug|Any CPU
		{6A91CECA-5D4A-4A55-B5F4-5C25EA2C892C}.Debug|Any CPU.Build.0 = Debug|Any CPU
		{6A91CECA-5D4A-4A55-B5F4-5C25EA2C892C}.Debug|x64.ActiveCfg = Debug|Any CPU
		{6A91CECA-5D4A-4A55-B5F4-5C25EA2C892C}.Debug|x64.Build.0 = Debug|Any CPU
		{6A91CECA-5D4A-4A55-B5F4-5C25EA2C892C}.Debug|x86.ActiveCfg = Debug|Any CPU
		{6A91CECA-5D4A-4A55-B5F4-5C25EA2C892C}.Debug|x86.Build.0 = Debug|Any CPU
		{6A91CECA-5D4A-4A55-B5F4-5C25EA2C892C}.Release|Any CPU.ActiveCfg = Release|Any CPU
		{6A91CECA-5D4A-4A55-B5F4-5C25EA2C892C}.Release|Any CPU.Build.0 = Release|Any CPU
		{6A91CECA-5D4A-4A55-B5F4-5C25EA2C892C}.Release|x64.ActiveCfg = Release|Any CPU
		{6A91CECA-5D4A-4A55-B5F4-5C25EA2C892C}.Release|x64.Build.0 = Release|Any CPU
		{6A91CECA-5D4A-4A55-B5F4-5C25EA2C892C}.Release|x86.ActiveCfg = Release|Any CPU
		{6A91CECA-5D4A-4A55-B5F4-5C25EA2C892C}.Release|x86.Build.0 = Release|Any CPU
		{41907F02-BDB7-43C1-8F78-D4AD3A043F45}.Debug|Any CPU.ActiveCfg = Debug|Any CPU
		{41907F02-BDB7-43C1-8F78-D4AD3A043F45}.Debug|Any CPU.Build.0 = Debug|Any CPU
		{41907F02-BDB7-43C1-8F78-D4AD3A043F45}.Debug|x64.ActiveCfg = Debug|Any CPU
		{41907F02-BDB7-43C1-8F78-D4AD3A043F45}.Debug|x64.Build.0 = Debug|Any CPU
		{41907F02-BDB7-43C1-8F78-D4AD3A043F45}.Debug|x86.ActiveCfg = Debug|Any CPU
		{41907F02-BDB7-43C1-8F78-D4AD3A043F45}.Debug|x86.Build.0 = Debug|Any CPU
		{41907F02-BDB7-43C1-8F78-D4AD3A043F45}.Release|Any CPU.ActiveCfg = Release|Any CPU
		{41907F02-BDB7-43C1-8F78-D4AD3A043F45}.Release|Any CPU.Build.0 = Release|Any CPU
		{41907F02-BDB7-43C1-8F78-D4AD3A043F45}.Release|x64.ActiveCfg = Release|Any CPU
		{41907F02-BDB7-43C1-8F78-D4AD3A043F45}.Release|x64.Build.0 = Release|Any CPU
		{41907F02-BDB7-43C1-8F78-D4AD3A043F45}.Release|x86.ActiveCfg = Release|Any CPU
		{41907F02-BDB7-43C1-8F78-D4AD3A043F45}.Release|x86.Build.0 = Release|Any CPU
		{5E0BAC41-E316-4B9E-A301-18768BACAED4}.Debug|Any CPU.ActiveCfg = Debug|Any CPU
		{5E0BAC41-E316-4B9E-A301-18768BACAED4}.Debug|Any CPU.Build.0 = Debug|Any CPU
		{5E0BAC41-E316-4B9E-A301-18768BACAED4}.Debug|x64.ActiveCfg = Debug|Any CPU
		{5E0BAC41-E316-4B9E-A301-18768BACAED4}.Debug|x64.Build.0 = Debug|Any CPU
		{5E0BAC41-E316-4B9E-A301-18768BACAED4}.Debug|x86.ActiveCfg = Debug|Any CPU
		{5E0BAC41-E316-4B9E-A301-18768BACAED4}.Debug|x86.Build.0 = Debug|Any CPU
		{5E0BAC41-E316-4B9E-A301-18768BACAED4}.Release|Any CPU.ActiveCfg = Release|Any CPU
		{5E0BAC41-E316-4B9E-A301-18768BACAED4}.Release|Any CPU.Build.0 = Release|Any CPU
		{5E0BAC41-E316-4B9E-A301-18768BACAED4}.Release|x64.ActiveCfg = Release|Any CPU
		{5E0BAC41-E316-4B9E-A301-18768BACAED4}.Release|x64.Build.0 = Release|Any CPU
		{5E0BAC41-E316-4B9E-A301-18768BACAED4}.Release|x86.ActiveCfg = Release|Any CPU
		{5E0BAC41-E316-4B9E-A301-18768BACAED4}.Release|x86.Build.0 = Release|Any CPU
		{4F81D870-D658-4340-BF94-D7AA68086575}.Debug|Any CPU.ActiveCfg = Debug|Any CPU
		{4F81D870-D658-4340-BF94-D7AA68086575}.Debug|Any CPU.Build.0 = Debug|Any CPU
		{4F81D870-D658-4340-BF94-D7AA68086575}.Debug|x64.ActiveCfg = Debug|Any CPU
		{4F81D870-D658-4340-BF94-D7AA68086575}.Debug|x64.Build.0 = Debug|Any CPU
		{4F81D870-D658-4340-BF94-D7AA68086575}.Debug|x86.ActiveCfg = Debug|Any CPU
		{4F81D870-D658-4340-BF94-D7AA68086575}.Debug|x86.Build.0 = Debug|Any CPU
		{4F81D870-D658-4340-BF94-D7AA68086575}.Release|Any CPU.ActiveCfg = Release|Any CPU
		{4F81D870-D658-4340-BF94-D7AA68086575}.Release|Any CPU.Build.0 = Release|Any CPU
		{4F81D870-D658-4340-BF94-D7AA68086575}.Release|x64.ActiveCfg = Release|Any CPU
		{4F81D870-D658-4340-BF94-D7AA68086575}.Release|x64.Build.0 = Release|Any CPU
		{4F81D870-D658-4340-BF94-D7AA68086575}.Release|x86.ActiveCfg = Release|Any CPU
		{4F81D870-D658-4340-BF94-D7AA68086575}.Release|x86.Build.0 = Release|Any CPU
		{47223657-9F0C-4598-92D3-5F3EB95D037F}.Debug|Any CPU.ActiveCfg = Debug|Any CPU
		{47223657-9F0C-4598-92D3-5F3EB95D037F}.Debug|Any CPU.Build.0 = Debug|Any CPU
		{47223657-9F0C-4598-92D3-5F3EB95D037F}.Debug|x64.ActiveCfg = Debug|Any CPU
		{47223657-9F0C-4598-92D3-5F3EB95D037F}.Debug|x64.Build.0 = Debug|Any CPU
		{47223657-9F0C-4598-92D3-5F3EB95D037F}.Debug|x86.ActiveCfg = Debug|Any CPU
		{47223657-9F0C-4598-92D3-5F3EB95D037F}.Debug|x86.Build.0 = Debug|Any CPU
		{47223657-9F0C-4598-92D3-5F3EB95D037F}.Release|Any CPU.ActiveCfg = Release|Any CPU
		{47223657-9F0C-4598-92D3-5F3EB95D037F}.Release|Any CPU.Build.0 = Release|Any CPU
		{47223657-9F0C-4598-92D3-5F3EB95D037F}.Release|x64.ActiveCfg = Release|Any CPU
		{47223657-9F0C-4598-92D3-5F3EB95D037F}.Release|x64.Build.0 = Release|Any CPU
		{47223657-9F0C-4598-92D3-5F3EB95D037F}.Release|x86.ActiveCfg = Release|Any CPU
		{47223657-9F0C-4598-92D3-5F3EB95D037F}.Release|x86.Build.0 = Release|Any CPU
		{DE8084A1-2868-4E1E-8ACF-194E80B299C3}.Debug|Any CPU.ActiveCfg = Debug|Any CPU
		{DE8084A1-2868-4E1E-8ACF-194E80B299C3}.Debug|Any CPU.Build.0 = Debug|Any CPU
		{DE8084A1-2868-4E1E-8ACF-194E80B299C3}.Debug|x64.ActiveCfg = Debug|Any CPU
		{DE8084A1-2868-4E1E-8ACF-194E80B299C3}.Debug|x64.Build.0 = Debug|Any CPU
		{DE8084A1-2868-4E1E-8ACF-194E80B299C3}.Debug|x86.ActiveCfg = Debug|Any CPU
		{DE8084A1-2868-4E1E-8ACF-194E80B299C3}.Debug|x86.Build.0 = Debug|Any CPU
		{DE8084A1-2868-4E1E-8ACF-194E80B299C3}.Release|Any CPU.ActiveCfg = Release|Any CPU
		{DE8084A1-2868-4E1E-8ACF-194E80B299C3}.Release|Any CPU.Build.0 = Release|Any CPU
		{DE8084A1-2868-4E1E-8ACF-194E80B299C3}.Release|x64.ActiveCfg = Release|Any CPU
		{DE8084A1-2868-4E1E-8ACF-194E80B299C3}.Release|x64.Build.0 = Release|Any CPU
		{DE8084A1-2868-4E1E-8ACF-194E80B299C3}.Release|x86.ActiveCfg = Release|Any CPU
		{DE8084A1-2868-4E1E-8ACF-194E80B299C3}.Release|x86.Build.0 = Release|Any CPU
		{DF55ACE7-F58F-40A9-B0B5-B10505E8323C}.Debug|Any CPU.ActiveCfg = Debug|Any CPU
		{DF55ACE7-F58F-40A9-B0B5-B10505E8323C}.Debug|Any CPU.Build.0 = Debug|Any CPU
		{DF55ACE7-F58F-40A9-B0B5-B10505E8323C}.Debug|x64.ActiveCfg = Debug|Any CPU
		{DF55ACE7-F58F-40A9-B0B5-B10505E8323C}.Debug|x64.Build.0 = Debug|Any CPU
		{DF55ACE7-F58F-40A9-B0B5-B10505E8323C}.Debug|x86.ActiveCfg = Debug|Any CPU
		{DF55ACE7-F58F-40A9-B0B5-B10505E8323C}.Debug|x86.Build.0 = Debug|Any CPU
		{DF55ACE7-F58F-40A9-B0B5-B10505E8323C}.Release|Any CPU.ActiveCfg = Release|Any CPU
		{DF55ACE7-F58F-40A9-B0B5-B10505E8323C}.Release|Any CPU.Build.0 = Release|Any CPU
		{DF55ACE7-F58F-40A9-B0B5-B10505E8323C}.Release|x64.ActiveCfg = Release|Any CPU
		{DF55ACE7-F58F-40A9-B0B5-B10505E8323C}.Release|x64.Build.0 = Release|Any CPU
		{DF55ACE7-F58F-40A9-B0B5-B10505E8323C}.Release|x86.ActiveCfg = Release|Any CPU
		{DF55ACE7-F58F-40A9-B0B5-B10505E8323C}.Release|x86.Build.0 = Release|Any CPU
		{671D8609-0CEC-4A22-8816-AED5DC8D76A9}.Debug|Any CPU.ActiveCfg = Debug|Any CPU
		{671D8609-0CEC-4A22-8816-AED5DC8D76A9}.Debug|Any CPU.Build.0 = Debug|Any CPU
		{671D8609-0CEC-4A22-8816-AED5DC8D76A9}.Debug|x64.ActiveCfg = Debug|Any CPU
		{671D8609-0CEC-4A22-8816-AED5DC8D76A9}.Debug|x64.Build.0 = Debug|Any CPU
		{671D8609-0CEC-4A22-8816-AED5DC8D76A9}.Debug|x86.ActiveCfg = Debug|Any CPU
		{671D8609-0CEC-4A22-8816-AED5DC8D76A9}.Debug|x86.Build.0 = Debug|Any CPU
		{671D8609-0CEC-4A22-8816-AED5DC8D76A9}.Release|Any CPU.ActiveCfg = Release|Any CPU
		{671D8609-0CEC-4A22-8816-AED5DC8D76A9}.Release|Any CPU.Build.0 = Release|Any CPU
		{671D8609-0CEC-4A22-8816-AED5DC8D76A9}.Release|x64.ActiveCfg = Release|Any CPU
		{671D8609-0CEC-4A22-8816-AED5DC8D76A9}.Release|x64.Build.0 = Release|Any CPU
		{671D8609-0CEC-4A22-8816-AED5DC8D76A9}.Release|x86.ActiveCfg = Release|Any CPU
		{671D8609-0CEC-4A22-8816-AED5DC8D76A9}.Release|x86.Build.0 = Release|Any CPU
		{AD5E1FBC-DE0C-4731-AD2D-46E9A8569B58}.Debug|Any CPU.ActiveCfg = Debug|Any CPU
		{AD5E1FBC-DE0C-4731-AD2D-46E9A8569B58}.Debug|Any CPU.Build.0 = Debug|Any CPU
		{AD5E1FBC-DE0C-4731-AD2D-46E9A8569B58}.Debug|x64.ActiveCfg = Debug|Any CPU
		{AD5E1FBC-DE0C-4731-AD2D-46E9A8569B58}.Debug|x64.Build.0 = Debug|Any CPU
		{AD5E1FBC-DE0C-4731-AD2D-46E9A8569B58}.Debug|x86.ActiveCfg = Debug|Any CPU
		{AD5E1FBC-DE0C-4731-AD2D-46E9A8569B58}.Debug|x86.Build.0 = Debug|Any CPU
		{AD5E1FBC-DE0C-4731-AD2D-46E9A8569B58}.Release|Any CPU.ActiveCfg = Release|Any CPU
		{AD5E1FBC-DE0C-4731-AD2D-46E9A8569B58}.Release|Any CPU.Build.0 = Release|Any CPU
		{AD5E1FBC-DE0C-4731-AD2D-46E9A8569B58}.Release|x64.ActiveCfg = Release|Any CPU
		{AD5E1FBC-DE0C-4731-AD2D-46E9A8569B58}.Release|x64.Build.0 = Release|Any CPU
		{AD5E1FBC-DE0C-4731-AD2D-46E9A8569B58}.Release|x86.ActiveCfg = Release|Any CPU
		{AD5E1FBC-DE0C-4731-AD2D-46E9A8569B58}.Release|x86.Build.0 = Release|Any CPU
		{BD4A206E-9B25-4A4F-8937-DA5F379A5A7D}.Debug|Any CPU.ActiveCfg = Debug|Any CPU
		{BD4A206E-9B25-4A4F-8937-DA5F379A5A7D}.Debug|Any CPU.Build.0 = Debug|Any CPU
		{BD4A206E-9B25-4A4F-8937-DA5F379A5A7D}.Debug|x64.ActiveCfg = Debug|Any CPU
		{BD4A206E-9B25-4A4F-8937-DA5F379A5A7D}.Debug|x64.Build.0 = Debug|Any CPU
		{BD4A206E-9B25-4A4F-8937-DA5F379A5A7D}.Debug|x86.ActiveCfg = Debug|Any CPU
		{BD4A206E-9B25-4A4F-8937-DA5F379A5A7D}.Debug|x86.Build.0 = Debug|Any CPU
		{BD4A206E-9B25-4A4F-8937-DA5F379A5A7D}.Release|Any CPU.ActiveCfg = Release|Any CPU
		{BD4A206E-9B25-4A4F-8937-DA5F379A5A7D}.Release|Any CPU.Build.0 = Release|Any CPU
		{BD4A206E-9B25-4A4F-8937-DA5F379A5A7D}.Release|x64.ActiveCfg = Release|Any CPU
		{BD4A206E-9B25-4A4F-8937-DA5F379A5A7D}.Release|x64.Build.0 = Release|Any CPU
		{BD4A206E-9B25-4A4F-8937-DA5F379A5A7D}.Release|x86.ActiveCfg = Release|Any CPU
		{BD4A206E-9B25-4A4F-8937-DA5F379A5A7D}.Release|x86.Build.0 = Release|Any CPU
		{8B5CE929-ADF7-4F23-A9E6-6D6EC42EA319}.Debug|Any CPU.ActiveCfg = Debug|Any CPU
		{8B5CE929-ADF7-4F23-A9E6-6D6EC42EA319}.Debug|Any CPU.Build.0 = Debug|Any CPU
		{8B5CE929-ADF7-4F23-A9E6-6D6EC42EA319}.Debug|x64.ActiveCfg = Debug|Any CPU
		{8B5CE929-ADF7-4F23-A9E6-6D6EC42EA319}.Debug|x64.Build.0 = Debug|Any CPU
		{8B5CE929-ADF7-4F23-A9E6-6D6EC42EA319}.Debug|x86.ActiveCfg = Debug|Any CPU
		{8B5CE929-ADF7-4F23-A9E6-6D6EC42EA319}.Debug|x86.Build.0 = Debug|Any CPU
		{8B5CE929-ADF7-4F23-A9E6-6D6EC42EA319}.Release|Any CPU.ActiveCfg = Release|Any CPU
		{8B5CE929-ADF7-4F23-A9E6-6D6EC42EA319}.Release|Any CPU.Build.0 = Release|Any CPU
		{8B5CE929-ADF7-4F23-A9E6-6D6EC42EA319}.Release|x64.ActiveCfg = Release|Any CPU
		{8B5CE929-ADF7-4F23-A9E6-6D6EC42EA319}.Release|x64.Build.0 = Release|Any CPU
		{8B5CE929-ADF7-4F23-A9E6-6D6EC42EA319}.Release|x86.ActiveCfg = Release|Any CPU
		{8B5CE929-ADF7-4F23-A9E6-6D6EC42EA319}.Release|x86.Build.0 = Release|Any CPU
		{2F0A6467-AA40-4EF7-B545-C58A11C496A8}.Debug|Any CPU.ActiveCfg = Debug|Any CPU
		{2F0A6467-AA40-4EF7-B545-C58A11C496A8}.Debug|Any CPU.Build.0 = Debug|Any CPU
		{2F0A6467-AA40-4EF7-B545-C58A11C496A8}.Debug|x64.ActiveCfg = Debug|Any CPU
		{2F0A6467-AA40-4EF7-B545-C58A11C496A8}.Debug|x64.Build.0 = Debug|Any CPU
		{2F0A6467-AA40-4EF7-B545-C58A11C496A8}.Debug|x86.ActiveCfg = Debug|Any CPU
		{2F0A6467-AA40-4EF7-B545-C58A11C496A8}.Debug|x86.Build.0 = Debug|Any CPU
		{2F0A6467-AA40-4EF7-B545-C58A11C496A8}.Release|Any CPU.ActiveCfg = Release|Any CPU
		{2F0A6467-AA40-4EF7-B545-C58A11C496A8}.Release|Any CPU.Build.0 = Release|Any CPU
		{2F0A6467-AA40-4EF7-B545-C58A11C496A8}.Release|x64.ActiveCfg = Release|Any CPU
		{2F0A6467-AA40-4EF7-B545-C58A11C496A8}.Release|x64.Build.0 = Release|Any CPU
		{2F0A6467-AA40-4EF7-B545-C58A11C496A8}.Release|x86.ActiveCfg = Release|Any CPU
		{2F0A6467-AA40-4EF7-B545-C58A11C496A8}.Release|x86.Build.0 = Release|Any CPU
		{DFD5B63B-5CFD-46ED-962A-4F7172CE1F29}.Debug|Any CPU.ActiveCfg = Debug|Any CPU
		{DFD5B63B-5CFD-46ED-962A-4F7172CE1F29}.Debug|Any CPU.Build.0 = Debug|Any CPU
		{DFD5B63B-5CFD-46ED-962A-4F7172CE1F29}.Debug|x64.ActiveCfg = Debug|Any CPU
		{DFD5B63B-5CFD-46ED-962A-4F7172CE1F29}.Debug|x64.Build.0 = Debug|Any CPU
		{DFD5B63B-5CFD-46ED-962A-4F7172CE1F29}.Debug|x86.ActiveCfg = Debug|Any CPU
		{DFD5B63B-5CFD-46ED-962A-4F7172CE1F29}.Debug|x86.Build.0 = Debug|Any CPU
		{DFD5B63B-5CFD-46ED-962A-4F7172CE1F29}.Release|Any CPU.ActiveCfg = Release|Any CPU
		{DFD5B63B-5CFD-46ED-962A-4F7172CE1F29}.Release|Any CPU.Build.0 = Release|Any CPU
		{DFD5B63B-5CFD-46ED-962A-4F7172CE1F29}.Release|x64.ActiveCfg = Release|Any CPU
		{DFD5B63B-5CFD-46ED-962A-4F7172CE1F29}.Release|x64.Build.0 = Release|Any CPU
		{DFD5B63B-5CFD-46ED-962A-4F7172CE1F29}.Release|x86.ActiveCfg = Release|Any CPU
		{DFD5B63B-5CFD-46ED-962A-4F7172CE1F29}.Release|x86.Build.0 = Release|Any CPU
		{6787D60C-DE8B-442F-AAF0-3545B1679FD6}.Debug|Any CPU.ActiveCfg = Debug|Any CPU
		{6787D60C-DE8B-442F-AAF0-3545B1679FD6}.Debug|Any CPU.Build.0 = Debug|Any CPU
		{6787D60C-DE8B-442F-AAF0-3545B1679FD6}.Debug|x64.ActiveCfg = Debug|Any CPU
		{6787D60C-DE8B-442F-AAF0-3545B1679FD6}.Debug|x64.Build.0 = Debug|Any CPU
		{6787D60C-DE8B-442F-AAF0-3545B1679FD6}.Debug|x86.ActiveCfg = Debug|Any CPU
		{6787D60C-DE8B-442F-AAF0-3545B1679FD6}.Debug|x86.Build.0 = Debug|Any CPU
		{6787D60C-DE8B-442F-AAF0-3545B1679FD6}.Release|Any CPU.ActiveCfg = Release|Any CPU
		{6787D60C-DE8B-442F-AAF0-3545B1679FD6}.Release|Any CPU.Build.0 = Release|Any CPU
		{6787D60C-DE8B-442F-AAF0-3545B1679FD6}.Release|x64.ActiveCfg = Release|Any CPU
		{6787D60C-DE8B-442F-AAF0-3545B1679FD6}.Release|x64.Build.0 = Release|Any CPU
		{6787D60C-DE8B-442F-AAF0-3545B1679FD6}.Release|x86.ActiveCfg = Release|Any CPU
		{6787D60C-DE8B-442F-AAF0-3545B1679FD6}.Release|x86.Build.0 = Release|Any CPU
		{B47604B6-C540-4044-8AF5-946CB047B019}.Debug|Any CPU.ActiveCfg = Debug|Any CPU
		{B47604B6-C540-4044-8AF5-946CB047B019}.Debug|Any CPU.Build.0 = Debug|Any CPU
		{B47604B6-C540-4044-8AF5-946CB047B019}.Debug|x64.ActiveCfg = Debug|Any CPU
		{B47604B6-C540-4044-8AF5-946CB047B019}.Debug|x64.Build.0 = Debug|Any CPU
		{B47604B6-C540-4044-8AF5-946CB047B019}.Debug|x86.ActiveCfg = Debug|Any CPU
		{B47604B6-C540-4044-8AF5-946CB047B019}.Debug|x86.Build.0 = Debug|Any CPU
		{B47604B6-C540-4044-8AF5-946CB047B019}.Release|Any CPU.ActiveCfg = Release|Any CPU
		{B47604B6-C540-4044-8AF5-946CB047B019}.Release|Any CPU.Build.0 = Release|Any CPU
		{B47604B6-C540-4044-8AF5-946CB047B019}.Release|x64.ActiveCfg = Release|Any CPU
		{B47604B6-C540-4044-8AF5-946CB047B019}.Release|x64.Build.0 = Release|Any CPU
		{B47604B6-C540-4044-8AF5-946CB047B019}.Release|x86.ActiveCfg = Release|Any CPU
		{B47604B6-C540-4044-8AF5-946CB047B019}.Release|x86.Build.0 = Release|Any CPU
		{EA89761A-F217-4AAC-A4E6-B6D9FF95405E}.Debug|Any CPU.ActiveCfg = Debug|Any CPU
		{EA89761A-F217-4AAC-A4E6-B6D9FF95405E}.Debug|Any CPU.Build.0 = Debug|Any CPU
		{EA89761A-F217-4AAC-A4E6-B6D9FF95405E}.Debug|x64.ActiveCfg = Debug|Any CPU
		{EA89761A-F217-4AAC-A4E6-B6D9FF95405E}.Debug|x64.Build.0 = Debug|Any CPU
		{EA89761A-F217-4AAC-A4E6-B6D9FF95405E}.Debug|x86.ActiveCfg = Debug|Any CPU
		{EA89761A-F217-4AAC-A4E6-B6D9FF95405E}.Debug|x86.Build.0 = Debug|Any CPU
		{EA89761A-F217-4AAC-A4E6-B6D9FF95405E}.Release|Any CPU.ActiveCfg = Release|Any CPU
		{EA89761A-F217-4AAC-A4E6-B6D9FF95405E}.Release|Any CPU.Build.0 = Release|Any CPU
		{EA89761A-F217-4AAC-A4E6-B6D9FF95405E}.Release|x64.ActiveCfg = Release|Any CPU
		{EA89761A-F217-4AAC-A4E6-B6D9FF95405E}.Release|x64.Build.0 = Release|Any CPU
		{EA89761A-F217-4AAC-A4E6-B6D9FF95405E}.Release|x86.ActiveCfg = Release|Any CPU
		{EA89761A-F217-4AAC-A4E6-B6D9FF95405E}.Release|x86.Build.0 = Release|Any CPU
		{D372D525-8828-467B-8640-6B40740FC306}.Debug|Any CPU.ActiveCfg = Debug|Any CPU
		{D372D525-8828-467B-8640-6B40740FC306}.Debug|Any CPU.Build.0 = Debug|Any CPU
		{D372D525-8828-467B-8640-6B40740FC306}.Debug|x64.ActiveCfg = Debug|Any CPU
		{D372D525-8828-467B-8640-6B40740FC306}.Debug|x64.Build.0 = Debug|Any CPU
		{D372D525-8828-467B-8640-6B40740FC306}.Debug|x86.ActiveCfg = Debug|Any CPU
		{D372D525-8828-467B-8640-6B40740FC306}.Debug|x86.Build.0 = Debug|Any CPU
		{D372D525-8828-467B-8640-6B40740FC306}.Release|Any CPU.ActiveCfg = Release|Any CPU
		{D372D525-8828-467B-8640-6B40740FC306}.Release|Any CPU.Build.0 = Release|Any CPU
		{D372D525-8828-467B-8640-6B40740FC306}.Release|x64.ActiveCfg = Release|Any CPU
		{D372D525-8828-467B-8640-6B40740FC306}.Release|x64.Build.0 = Release|Any CPU
		{D372D525-8828-467B-8640-6B40740FC306}.Release|x86.ActiveCfg = Release|Any CPU
		{D372D525-8828-467B-8640-6B40740FC306}.Release|x86.Build.0 = Release|Any CPU
		{D7EBD9B9-BA90-48A8-A17A-3996C7E97707}.Debug|Any CPU.ActiveCfg = Debug|Any CPU
		{D7EBD9B9-BA90-48A8-A17A-3996C7E97707}.Debug|Any CPU.Build.0 = Debug|Any CPU
		{D7EBD9B9-BA90-48A8-A17A-3996C7E97707}.Debug|x64.ActiveCfg = Debug|Any CPU
		{D7EBD9B9-BA90-48A8-A17A-3996C7E97707}.Debug|x64.Build.0 = Debug|Any CPU
		{D7EBD9B9-BA90-48A8-A17A-3996C7E97707}.Debug|x86.ActiveCfg = Debug|Any CPU
		{D7EBD9B9-BA90-48A8-A17A-3996C7E97707}.Debug|x86.Build.0 = Debug|Any CPU
		{D7EBD9B9-BA90-48A8-A17A-3996C7E97707}.Release|Any CPU.ActiveCfg = Release|Any CPU
		{D7EBD9B9-BA90-48A8-A17A-3996C7E97707}.Release|Any CPU.Build.0 = Release|Any CPU
		{D7EBD9B9-BA90-48A8-A17A-3996C7E97707}.Release|x64.ActiveCfg = Release|Any CPU
		{D7EBD9B9-BA90-48A8-A17A-3996C7E97707}.Release|x64.Build.0 = Release|Any CPU
		{D7EBD9B9-BA90-48A8-A17A-3996C7E97707}.Release|x86.ActiveCfg = Release|Any CPU
		{D7EBD9B9-BA90-48A8-A17A-3996C7E97707}.Release|x86.Build.0 = Release|Any CPU
		{C80186B3-6A78-43C4-BDCD-94ED99269116}.Debug|Any CPU.ActiveCfg = Debug|Any CPU
		{C80186B3-6A78-43C4-BDCD-94ED99269116}.Debug|Any CPU.Build.0 = Debug|Any CPU
		{C80186B3-6A78-43C4-BDCD-94ED99269116}.Debug|x64.ActiveCfg = Debug|Any CPU
		{C80186B3-6A78-43C4-BDCD-94ED99269116}.Debug|x64.Build.0 = Debug|Any CPU
		{C80186B3-6A78-43C4-BDCD-94ED99269116}.Debug|x86.ActiveCfg = Debug|Any CPU
		{C80186B3-6A78-43C4-BDCD-94ED99269116}.Debug|x86.Build.0 = Debug|Any CPU
		{C80186B3-6A78-43C4-BDCD-94ED99269116}.Release|Any CPU.ActiveCfg = Release|Any CPU
		{C80186B3-6A78-43C4-BDCD-94ED99269116}.Release|Any CPU.Build.0 = Release|Any CPU
		{C80186B3-6A78-43C4-BDCD-94ED99269116}.Release|x64.ActiveCfg = Release|Any CPU
		{C80186B3-6A78-43C4-BDCD-94ED99269116}.Release|x64.Build.0 = Release|Any CPU
		{C80186B3-6A78-43C4-BDCD-94ED99269116}.Release|x86.ActiveCfg = Release|Any CPU
		{C80186B3-6A78-43C4-BDCD-94ED99269116}.Release|x86.Build.0 = Release|Any CPU
		{509DD332-C4DC-4EB1-8756-150240EFF966}.Debug|Any CPU.ActiveCfg = Debug|Any CPU
		{509DD332-C4DC-4EB1-8756-150240EFF966}.Debug|Any CPU.Build.0 = Debug|Any CPU
		{509DD332-C4DC-4EB1-8756-150240EFF966}.Debug|x64.ActiveCfg = Debug|Any CPU
		{509DD332-C4DC-4EB1-8756-150240EFF966}.Debug|x64.Build.0 = Debug|Any CPU
		{509DD332-C4DC-4EB1-8756-150240EFF966}.Debug|x86.ActiveCfg = Debug|Any CPU
		{509DD332-C4DC-4EB1-8756-150240EFF966}.Debug|x86.Build.0 = Debug|Any CPU
		{509DD332-C4DC-4EB1-8756-150240EFF966}.Release|Any CPU.ActiveCfg = Release|Any CPU
		{509DD332-C4DC-4EB1-8756-150240EFF966}.Release|Any CPU.Build.0 = Release|Any CPU
		{509DD332-C4DC-4EB1-8756-150240EFF966}.Release|x64.ActiveCfg = Release|Any CPU
		{509DD332-C4DC-4EB1-8756-150240EFF966}.Release|x64.Build.0 = Release|Any CPU
		{509DD332-C4DC-4EB1-8756-150240EFF966}.Release|x86.ActiveCfg = Release|Any CPU
		{509DD332-C4DC-4EB1-8756-150240EFF966}.Release|x86.Build.0 = Release|Any CPU
		{0375241A-EE6B-4715-B830-F59E7FAA7782}.Debug|Any CPU.ActiveCfg = Debug|Any CPU
		{0375241A-EE6B-4715-B830-F59E7FAA7782}.Debug|Any CPU.Build.0 = Debug|Any CPU
		{0375241A-EE6B-4715-B830-F59E7FAA7782}.Debug|x64.ActiveCfg = Debug|Any CPU
		{0375241A-EE6B-4715-B830-F59E7FAA7782}.Debug|x64.Build.0 = Debug|Any CPU
		{0375241A-EE6B-4715-B830-F59E7FAA7782}.Debug|x86.ActiveCfg = Debug|Any CPU
		{0375241A-EE6B-4715-B830-F59E7FAA7782}.Debug|x86.Build.0 = Debug|Any CPU
		{0375241A-EE6B-4715-B830-F59E7FAA7782}.Release|Any CPU.ActiveCfg = Release|Any CPU
		{0375241A-EE6B-4715-B830-F59E7FAA7782}.Release|Any CPU.Build.0 = Release|Any CPU
		{0375241A-EE6B-4715-B830-F59E7FAA7782}.Release|x64.ActiveCfg = Release|Any CPU
		{0375241A-EE6B-4715-B830-F59E7FAA7782}.Release|x64.Build.0 = Release|Any CPU
		{0375241A-EE6B-4715-B830-F59E7FAA7782}.Release|x86.ActiveCfg = Release|Any CPU
		{0375241A-EE6B-4715-B830-F59E7FAA7782}.Release|x86.Build.0 = Release|Any CPU
		{805B34C2-8A8A-4915-9C91-54D609F852B3}.Debug|Any CPU.ActiveCfg = Debug|Any CPU
		{805B34C2-8A8A-4915-9C91-54D609F852B3}.Debug|Any CPU.Build.0 = Debug|Any CPU
		{805B34C2-8A8A-4915-9C91-54D609F852B3}.Debug|x64.ActiveCfg = Debug|Any CPU
		{805B34C2-8A8A-4915-9C91-54D609F852B3}.Debug|x64.Build.0 = Debug|Any CPU
		{805B34C2-8A8A-4915-9C91-54D609F852B3}.Debug|x86.ActiveCfg = Debug|Any CPU
		{805B34C2-8A8A-4915-9C91-54D609F852B3}.Debug|x86.Build.0 = Debug|Any CPU
		{805B34C2-8A8A-4915-9C91-54D609F852B3}.Release|Any CPU.ActiveCfg = Release|Any CPU
		{805B34C2-8A8A-4915-9C91-54D609F852B3}.Release|Any CPU.Build.0 = Release|Any CPU
		{805B34C2-8A8A-4915-9C91-54D609F852B3}.Release|x64.ActiveCfg = Release|Any CPU
		{805B34C2-8A8A-4915-9C91-54D609F852B3}.Release|x64.Build.0 = Release|Any CPU
		{805B34C2-8A8A-4915-9C91-54D609F852B3}.Release|x86.ActiveCfg = Release|Any CPU
		{805B34C2-8A8A-4915-9C91-54D609F852B3}.Release|x86.Build.0 = Release|Any CPU
		{EB6EE653-13D1-48D2-B8D6-B3B514325CEB}.Debug|Any CPU.ActiveCfg = Debug|Any CPU
		{EB6EE653-13D1-48D2-B8D6-B3B514325CEB}.Debug|Any CPU.Build.0 = Debug|Any CPU
		{EB6EE653-13D1-48D2-B8D6-B3B514325CEB}.Debug|x64.ActiveCfg = Debug|Any CPU
		{EB6EE653-13D1-48D2-B8D6-B3B514325CEB}.Debug|x64.Build.0 = Debug|Any CPU
		{EB6EE653-13D1-48D2-B8D6-B3B514325CEB}.Debug|x86.ActiveCfg = Debug|Any CPU
		{EB6EE653-13D1-48D2-B8D6-B3B514325CEB}.Debug|x86.Build.0 = Debug|Any CPU
		{EB6EE653-13D1-48D2-B8D6-B3B514325CEB}.Release|Any CPU.ActiveCfg = Release|Any CPU
		{EB6EE653-13D1-48D2-B8D6-B3B514325CEB}.Release|Any CPU.Build.0 = Release|Any CPU
		{EB6EE653-13D1-48D2-B8D6-B3B514325CEB}.Release|x64.ActiveCfg = Release|Any CPU
		{EB6EE653-13D1-48D2-B8D6-B3B514325CEB}.Release|x64.Build.0 = Release|Any CPU
		{EB6EE653-13D1-48D2-B8D6-B3B514325CEB}.Release|x86.ActiveCfg = Release|Any CPU
		{EB6EE653-13D1-48D2-B8D6-B3B514325CEB}.Release|x86.Build.0 = Release|Any CPU
		{E8FD75A7-4DAC-4418-8F52-77BFF787CF06}.Debug|Any CPU.ActiveCfg = Debug|Any CPU
		{E8FD75A7-4DAC-4418-8F52-77BFF787CF06}.Debug|Any CPU.Build.0 = Debug|Any CPU
		{E8FD75A7-4DAC-4418-8F52-77BFF787CF06}.Debug|x64.ActiveCfg = Debug|Any CPU
		{E8FD75A7-4DAC-4418-8F52-77BFF787CF06}.Debug|x64.Build.0 = Debug|Any CPU
		{E8FD75A7-4DAC-4418-8F52-77BFF787CF06}.Debug|x86.ActiveCfg = Debug|Any CPU
		{E8FD75A7-4DAC-4418-8F52-77BFF787CF06}.Debug|x86.Build.0 = Debug|Any CPU
		{E8FD75A7-4DAC-4418-8F52-77BFF787CF06}.Release|Any CPU.ActiveCfg = Release|Any CPU
		{E8FD75A7-4DAC-4418-8F52-77BFF787CF06}.Release|Any CPU.Build.0 = Release|Any CPU
		{E8FD75A7-4DAC-4418-8F52-77BFF787CF06}.Release|x64.ActiveCfg = Release|Any CPU
		{E8FD75A7-4DAC-4418-8F52-77BFF787CF06}.Release|x64.Build.0 = Release|Any CPU
		{E8FD75A7-4DAC-4418-8F52-77BFF787CF06}.Release|x86.ActiveCfg = Release|Any CPU
		{E8FD75A7-4DAC-4418-8F52-77BFF787CF06}.Release|x86.Build.0 = Release|Any CPU
		{4F5C5404-CE50-42CF-89EE-F799124BCDB2}.Debug|Any CPU.ActiveCfg = Debug|Any CPU
		{4F5C5404-CE50-42CF-89EE-F799124BCDB2}.Debug|Any CPU.Build.0 = Debug|Any CPU
		{4F5C5404-CE50-42CF-89EE-F799124BCDB2}.Debug|x64.ActiveCfg = Debug|Any CPU
		{4F5C5404-CE50-42CF-89EE-F799124BCDB2}.Debug|x64.Build.0 = Debug|Any CPU
		{4F5C5404-CE50-42CF-89EE-F799124BCDB2}.Debug|x86.ActiveCfg = Debug|Any CPU
		{4F5C5404-CE50-42CF-89EE-F799124BCDB2}.Debug|x86.Build.0 = Debug|Any CPU
		{4F5C5404-CE50-42CF-89EE-F799124BCDB2}.Release|Any CPU.ActiveCfg = Release|Any CPU
		{4F5C5404-CE50-42CF-89EE-F799124BCDB2}.Release|Any CPU.Build.0 = Release|Any CPU
		{4F5C5404-CE50-42CF-89EE-F799124BCDB2}.Release|x64.ActiveCfg = Release|Any CPU
		{4F5C5404-CE50-42CF-89EE-F799124BCDB2}.Release|x64.Build.0 = Release|Any CPU
		{4F5C5404-CE50-42CF-89EE-F799124BCDB2}.Release|x86.ActiveCfg = Release|Any CPU
		{4F5C5404-CE50-42CF-89EE-F799124BCDB2}.Release|x86.Build.0 = Release|Any CPU
		{3182F02B-5B84-40A0-B977-8A01C9962EEC}.Debug|Any CPU.ActiveCfg = Debug|Any CPU
		{3182F02B-5B84-40A0-B977-8A01C9962EEC}.Debug|Any CPU.Build.0 = Debug|Any CPU
		{3182F02B-5B84-40A0-B977-8A01C9962EEC}.Debug|x64.ActiveCfg = Debug|Any CPU
		{3182F02B-5B84-40A0-B977-8A01C9962EEC}.Debug|x64.Build.0 = Debug|Any CPU
		{3182F02B-5B84-40A0-B977-8A01C9962EEC}.Debug|x86.ActiveCfg = Debug|Any CPU
		{3182F02B-5B84-40A0-B977-8A01C9962EEC}.Debug|x86.Build.0 = Debug|Any CPU
		{3182F02B-5B84-40A0-B977-8A01C9962EEC}.Release|Any CPU.ActiveCfg = Release|Any CPU
		{3182F02B-5B84-40A0-B977-8A01C9962EEC}.Release|Any CPU.Build.0 = Release|Any CPU
		{3182F02B-5B84-40A0-B977-8A01C9962EEC}.Release|x64.ActiveCfg = Release|Any CPU
		{3182F02B-5B84-40A0-B977-8A01C9962EEC}.Release|x64.Build.0 = Release|Any CPU
		{3182F02B-5B84-40A0-B977-8A01C9962EEC}.Release|x86.ActiveCfg = Release|Any CPU
		{3182F02B-5B84-40A0-B977-8A01C9962EEC}.Release|x86.Build.0 = Release|Any CPU
		{C7358191-BC53-4308-B2A2-E2B2AE2F87DF}.Debug|Any CPU.ActiveCfg = Debug|Any CPU
		{C7358191-BC53-4308-B2A2-E2B2AE2F87DF}.Debug|Any CPU.Build.0 = Debug|Any CPU
		{C7358191-BC53-4308-B2A2-E2B2AE2F87DF}.Debug|x64.ActiveCfg = Debug|Any CPU
		{C7358191-BC53-4308-B2A2-E2B2AE2F87DF}.Debug|x64.Build.0 = Debug|Any CPU
		{C7358191-BC53-4308-B2A2-E2B2AE2F87DF}.Debug|x86.ActiveCfg = Debug|Any CPU
		{C7358191-BC53-4308-B2A2-E2B2AE2F87DF}.Debug|x86.Build.0 = Debug|Any CPU
		{C7358191-BC53-4308-B2A2-E2B2AE2F87DF}.Release|Any CPU.ActiveCfg = Release|Any CPU
		{C7358191-BC53-4308-B2A2-E2B2AE2F87DF}.Release|Any CPU.Build.0 = Release|Any CPU
		{C7358191-BC53-4308-B2A2-E2B2AE2F87DF}.Release|x64.ActiveCfg = Release|Any CPU
		{C7358191-BC53-4308-B2A2-E2B2AE2F87DF}.Release|x64.Build.0 = Release|Any CPU
		{C7358191-BC53-4308-B2A2-E2B2AE2F87DF}.Release|x86.ActiveCfg = Release|Any CPU
		{C7358191-BC53-4308-B2A2-E2B2AE2F87DF}.Release|x86.Build.0 = Release|Any CPU
		{2AB8232F-B4E0-4CA5-83E1-12DA90B7249D}.Debug|Any CPU.ActiveCfg = Debug|Any CPU
		{2AB8232F-B4E0-4CA5-83E1-12DA90B7249D}.Debug|Any CPU.Build.0 = Debug|Any CPU
		{2AB8232F-B4E0-4CA5-83E1-12DA90B7249D}.Debug|x64.ActiveCfg = Debug|Any CPU
		{2AB8232F-B4E0-4CA5-83E1-12DA90B7249D}.Debug|x64.Build.0 = Debug|Any CPU
		{2AB8232F-B4E0-4CA5-83E1-12DA90B7249D}.Debug|x86.ActiveCfg = Debug|Any CPU
		{2AB8232F-B4E0-4CA5-83E1-12DA90B7249D}.Debug|x86.Build.0 = Debug|Any CPU
		{2AB8232F-B4E0-4CA5-83E1-12DA90B7249D}.Release|Any CPU.ActiveCfg = Release|Any CPU
		{2AB8232F-B4E0-4CA5-83E1-12DA90B7249D}.Release|Any CPU.Build.0 = Release|Any CPU
		{2AB8232F-B4E0-4CA5-83E1-12DA90B7249D}.Release|x64.ActiveCfg = Release|Any CPU
		{2AB8232F-B4E0-4CA5-83E1-12DA90B7249D}.Release|x64.Build.0 = Release|Any CPU
		{2AB8232F-B4E0-4CA5-83E1-12DA90B7249D}.Release|x86.ActiveCfg = Release|Any CPU
		{2AB8232F-B4E0-4CA5-83E1-12DA90B7249D}.Release|x86.Build.0 = Release|Any CPU
		{09F171A8-8581-4E77-A3BB-D676B64BBC6E}.Debug|Any CPU.ActiveCfg = Debug|Any CPU
		{09F171A8-8581-4E77-A3BB-D676B64BBC6E}.Debug|Any CPU.Build.0 = Debug|Any CPU
		{09F171A8-8581-4E77-A3BB-D676B64BBC6E}.Debug|x64.ActiveCfg = Debug|Any CPU
		{09F171A8-8581-4E77-A3BB-D676B64BBC6E}.Debug|x64.Build.0 = Debug|Any CPU
		{09F171A8-8581-4E77-A3BB-D676B64BBC6E}.Debug|x86.ActiveCfg = Debug|Any CPU
		{09F171A8-8581-4E77-A3BB-D676B64BBC6E}.Debug|x86.Build.0 = Debug|Any CPU
		{09F171A8-8581-4E77-A3BB-D676B64BBC6E}.Release|Any CPU.ActiveCfg = Release|Any CPU
		{09F171A8-8581-4E77-A3BB-D676B64BBC6E}.Release|Any CPU.Build.0 = Release|Any CPU
		{09F171A8-8581-4E77-A3BB-D676B64BBC6E}.Release|x64.ActiveCfg = Release|Any CPU
		{09F171A8-8581-4E77-A3BB-D676B64BBC6E}.Release|x64.Build.0 = Release|Any CPU
		{09F171A8-8581-4E77-A3BB-D676B64BBC6E}.Release|x86.ActiveCfg = Release|Any CPU
		{09F171A8-8581-4E77-A3BB-D676B64BBC6E}.Release|x86.Build.0 = Release|Any CPU
		{EDB06D2F-D769-482D-8E58-1E36A250441F}.Debug|Any CPU.ActiveCfg = Debug|Any CPU
		{EDB06D2F-D769-482D-8E58-1E36A250441F}.Debug|Any CPU.Build.0 = Debug|Any CPU
		{EDB06D2F-D769-482D-8E58-1E36A250441F}.Debug|x64.ActiveCfg = Debug|Any CPU
		{EDB06D2F-D769-482D-8E58-1E36A250441F}.Debug|x64.Build.0 = Debug|Any CPU
		{EDB06D2F-D769-482D-8E58-1E36A250441F}.Debug|x86.ActiveCfg = Debug|Any CPU
		{EDB06D2F-D769-482D-8E58-1E36A250441F}.Debug|x86.Build.0 = Debug|Any CPU
		{EDB06D2F-D769-482D-8E58-1E36A250441F}.Release|Any CPU.ActiveCfg = Release|Any CPU
		{EDB06D2F-D769-482D-8E58-1E36A250441F}.Release|Any CPU.Build.0 = Release|Any CPU
		{EDB06D2F-D769-482D-8E58-1E36A250441F}.Release|x64.ActiveCfg = Release|Any CPU
		{EDB06D2F-D769-482D-8E58-1E36A250441F}.Release|x64.Build.0 = Release|Any CPU
		{EDB06D2F-D769-482D-8E58-1E36A250441F}.Release|x86.ActiveCfg = Release|Any CPU
		{EDB06D2F-D769-482D-8E58-1E36A250441F}.Release|x86.Build.0 = Release|Any CPU
		{9386DFBF-1BB3-478B-8150-8B81885E2B89}.Debug|Any CPU.ActiveCfg = Debug|Any CPU
		{9386DFBF-1BB3-478B-8150-8B81885E2B89}.Debug|Any CPU.Build.0 = Debug|Any CPU
		{9386DFBF-1BB3-478B-8150-8B81885E2B89}.Debug|x64.ActiveCfg = Debug|Any CPU
		{9386DFBF-1BB3-478B-8150-8B81885E2B89}.Debug|x64.Build.0 = Debug|Any CPU
		{9386DFBF-1BB3-478B-8150-8B81885E2B89}.Debug|x86.ActiveCfg = Debug|Any CPU
		{9386DFBF-1BB3-478B-8150-8B81885E2B89}.Debug|x86.Build.0 = Debug|Any CPU
		{9386DFBF-1BB3-478B-8150-8B81885E2B89}.Release|Any CPU.ActiveCfg = Release|Any CPU
		{9386DFBF-1BB3-478B-8150-8B81885E2B89}.Release|Any CPU.Build.0 = Release|Any CPU
		{9386DFBF-1BB3-478B-8150-8B81885E2B89}.Release|x64.ActiveCfg = Release|Any CPU
		{9386DFBF-1BB3-478B-8150-8B81885E2B89}.Release|x64.Build.0 = Release|Any CPU
		{9386DFBF-1BB3-478B-8150-8B81885E2B89}.Release|x86.ActiveCfg = Release|Any CPU
		{9386DFBF-1BB3-478B-8150-8B81885E2B89}.Release|x86.Build.0 = Release|Any CPU
		{46EB6325-BC65-4E2D-A9E9-1267F0660D27}.Debug|Any CPU.ActiveCfg = Debug|Any CPU
		{46EB6325-BC65-4E2D-A9E9-1267F0660D27}.Debug|Any CPU.Build.0 = Debug|Any CPU
		{46EB6325-BC65-4E2D-A9E9-1267F0660D27}.Debug|x64.ActiveCfg = Debug|Any CPU
		{46EB6325-BC65-4E2D-A9E9-1267F0660D27}.Debug|x64.Build.0 = Debug|Any CPU
		{46EB6325-BC65-4E2D-A9E9-1267F0660D27}.Debug|x86.ActiveCfg = Debug|Any CPU
		{46EB6325-BC65-4E2D-A9E9-1267F0660D27}.Debug|x86.Build.0 = Debug|Any CPU
		{46EB6325-BC65-4E2D-A9E9-1267F0660D27}.Release|Any CPU.ActiveCfg = Release|Any CPU
		{46EB6325-BC65-4E2D-A9E9-1267F0660D27}.Release|Any CPU.Build.0 = Release|Any CPU
		{46EB6325-BC65-4E2D-A9E9-1267F0660D27}.Release|x64.ActiveCfg = Release|Any CPU
		{46EB6325-BC65-4E2D-A9E9-1267F0660D27}.Release|x64.Build.0 = Release|Any CPU
		{46EB6325-BC65-4E2D-A9E9-1267F0660D27}.Release|x86.ActiveCfg = Release|Any CPU
		{46EB6325-BC65-4E2D-A9E9-1267F0660D27}.Release|x86.Build.0 = Release|Any CPU
		{7B75F321-9154-4EFD-B5BA-0C181F406BB8}.Debug|Any CPU.ActiveCfg = Debug|Any CPU
		{7B75F321-9154-4EFD-B5BA-0C181F406BB8}.Debug|Any CPU.Build.0 = Debug|Any CPU
		{7B75F321-9154-4EFD-B5BA-0C181F406BB8}.Debug|x64.ActiveCfg = Debug|Any CPU
		{7B75F321-9154-4EFD-B5BA-0C181F406BB8}.Debug|x64.Build.0 = Debug|Any CPU
		{7B75F321-9154-4EFD-B5BA-0C181F406BB8}.Debug|x86.ActiveCfg = Debug|Any CPU
		{7B75F321-9154-4EFD-B5BA-0C181F406BB8}.Debug|x86.Build.0 = Debug|Any CPU
		{7B75F321-9154-4EFD-B5BA-0C181F406BB8}.Release|Any CPU.ActiveCfg = Release|Any CPU
		{7B75F321-9154-4EFD-B5BA-0C181F406BB8}.Release|Any CPU.Build.0 = Release|Any CPU
		{7B75F321-9154-4EFD-B5BA-0C181F406BB8}.Release|x64.ActiveCfg = Release|Any CPU
		{7B75F321-9154-4EFD-B5BA-0C181F406BB8}.Release|x64.Build.0 = Release|Any CPU
		{7B75F321-9154-4EFD-B5BA-0C181F406BB8}.Release|x86.ActiveCfg = Release|Any CPU
		{7B75F321-9154-4EFD-B5BA-0C181F406BB8}.Release|x86.Build.0 = Release|Any CPU
		{16018275-FB83-4263-934F-3D7B30EAF2C9}.Debug|Any CPU.ActiveCfg = Debug|Any CPU
		{16018275-FB83-4263-934F-3D7B30EAF2C9}.Debug|Any CPU.Build.0 = Debug|Any CPU
		{16018275-FB83-4263-934F-3D7B30EAF2C9}.Debug|x64.ActiveCfg = Debug|Any CPU
		{16018275-FB83-4263-934F-3D7B30EAF2C9}.Debug|x64.Build.0 = Debug|Any CPU
		{16018275-FB83-4263-934F-3D7B30EAF2C9}.Debug|x86.ActiveCfg = Debug|Any CPU
		{16018275-FB83-4263-934F-3D7B30EAF2C9}.Debug|x86.Build.0 = Debug|Any CPU
		{16018275-FB83-4263-934F-3D7B30EAF2C9}.Release|Any CPU.ActiveCfg = Release|Any CPU
		{16018275-FB83-4263-934F-3D7B30EAF2C9}.Release|Any CPU.Build.0 = Release|Any CPU
		{16018275-FB83-4263-934F-3D7B30EAF2C9}.Release|x64.ActiveCfg = Release|Any CPU
		{16018275-FB83-4263-934F-3D7B30EAF2C9}.Release|x64.Build.0 = Release|Any CPU
		{16018275-FB83-4263-934F-3D7B30EAF2C9}.Release|x86.ActiveCfg = Release|Any CPU
		{16018275-FB83-4263-934F-3D7B30EAF2C9}.Release|x86.Build.0 = Release|Any CPU
		{25254F42-8FAE-489A-9BBD-79A0804413B3}.Debug|Any CPU.ActiveCfg = Debug|Any CPU
		{25254F42-8FAE-489A-9BBD-79A0804413B3}.Debug|Any CPU.Build.0 = Debug|Any CPU
		{25254F42-8FAE-489A-9BBD-79A0804413B3}.Debug|x64.ActiveCfg = Debug|Any CPU
		{25254F42-8FAE-489A-9BBD-79A0804413B3}.Debug|x64.Build.0 = Debug|Any CPU
		{25254F42-8FAE-489A-9BBD-79A0804413B3}.Debug|x86.ActiveCfg = Debug|Any CPU
		{25254F42-8FAE-489A-9BBD-79A0804413B3}.Debug|x86.Build.0 = Debug|Any CPU
		{25254F42-8FAE-489A-9BBD-79A0804413B3}.Release|Any CPU.ActiveCfg = Release|Any CPU
		{25254F42-8FAE-489A-9BBD-79A0804413B3}.Release|Any CPU.Build.0 = Release|Any CPU
		{25254F42-8FAE-489A-9BBD-79A0804413B3}.Release|x64.ActiveCfg = Release|Any CPU
		{25254F42-8FAE-489A-9BBD-79A0804413B3}.Release|x64.Build.0 = Release|Any CPU
		{25254F42-8FAE-489A-9BBD-79A0804413B3}.Release|x86.ActiveCfg = Release|Any CPU
		{25254F42-8FAE-489A-9BBD-79A0804413B3}.Release|x86.Build.0 = Release|Any CPU
		{10BB8D20-798F-4BBD-8B0B-E7458812606A}.Debug|Any CPU.ActiveCfg = Debug|Any CPU
		{10BB8D20-798F-4BBD-8B0B-E7458812606A}.Debug|Any CPU.Build.0 = Debug|Any CPU
		{10BB8D20-798F-4BBD-8B0B-E7458812606A}.Debug|x64.ActiveCfg = Debug|Any CPU
		{10BB8D20-798F-4BBD-8B0B-E7458812606A}.Debug|x64.Build.0 = Debug|Any CPU
		{10BB8D20-798F-4BBD-8B0B-E7458812606A}.Debug|x86.ActiveCfg = Debug|Any CPU
		{10BB8D20-798F-4BBD-8B0B-E7458812606A}.Debug|x86.Build.0 = Debug|Any CPU
		{10BB8D20-798F-4BBD-8B0B-E7458812606A}.Release|Any CPU.ActiveCfg = Release|Any CPU
		{10BB8D20-798F-4BBD-8B0B-E7458812606A}.Release|Any CPU.Build.0 = Release|Any CPU
		{10BB8D20-798F-4BBD-8B0B-E7458812606A}.Release|x64.ActiveCfg = Release|Any CPU
		{10BB8D20-798F-4BBD-8B0B-E7458812606A}.Release|x64.Build.0 = Release|Any CPU
		{10BB8D20-798F-4BBD-8B0B-E7458812606A}.Release|x86.ActiveCfg = Release|Any CPU
		{10BB8D20-798F-4BBD-8B0B-E7458812606A}.Release|x86.Build.0 = Release|Any CPU
		{BA7B0F01-74BC-4253-9C3A-5820A8D5649F}.Debug|Any CPU.ActiveCfg = Debug|Any CPU
		{BA7B0F01-74BC-4253-9C3A-5820A8D5649F}.Debug|Any CPU.Build.0 = Debug|Any CPU
		{BA7B0F01-74BC-4253-9C3A-5820A8D5649F}.Debug|x64.ActiveCfg = Debug|Any CPU
		{BA7B0F01-74BC-4253-9C3A-5820A8D5649F}.Debug|x64.Build.0 = Debug|Any CPU
		{BA7B0F01-74BC-4253-9C3A-5820A8D5649F}.Debug|x86.ActiveCfg = Debug|Any CPU
		{BA7B0F01-74BC-4253-9C3A-5820A8D5649F}.Debug|x86.Build.0 = Debug|Any CPU
		{BA7B0F01-74BC-4253-9C3A-5820A8D5649F}.Release|Any CPU.ActiveCfg = Release|Any CPU
		{BA7B0F01-74BC-4253-9C3A-5820A8D5649F}.Release|Any CPU.Build.0 = Release|Any CPU
		{BA7B0F01-74BC-4253-9C3A-5820A8D5649F}.Release|x64.ActiveCfg = Release|Any CPU
		{BA7B0F01-74BC-4253-9C3A-5820A8D5649F}.Release|x64.Build.0 = Release|Any CPU
		{BA7B0F01-74BC-4253-9C3A-5820A8D5649F}.Release|x86.ActiveCfg = Release|Any CPU
		{BA7B0F01-74BC-4253-9C3A-5820A8D5649F}.Release|x86.Build.0 = Release|Any CPU
		{A3AE91D5-B2BA-42AD-ACDC-BBDF73F82E8C}.Debug|Any CPU.ActiveCfg = Debug|Any CPU
		{A3AE91D5-B2BA-42AD-ACDC-BBDF73F82E8C}.Debug|Any CPU.Build.0 = Debug|Any CPU
		{A3AE91D5-B2BA-42AD-ACDC-BBDF73F82E8C}.Debug|x64.ActiveCfg = Debug|Any CPU
		{A3AE91D5-B2BA-42AD-ACDC-BBDF73F82E8C}.Debug|x64.Build.0 = Debug|Any CPU
		{A3AE91D5-B2BA-42AD-ACDC-BBDF73F82E8C}.Debug|x86.ActiveCfg = Debug|Any CPU
		{A3AE91D5-B2BA-42AD-ACDC-BBDF73F82E8C}.Debug|x86.Build.0 = Debug|Any CPU
		{A3AE91D5-B2BA-42AD-ACDC-BBDF73F82E8C}.Release|Any CPU.ActiveCfg = Release|Any CPU
		{A3AE91D5-B2BA-42AD-ACDC-BBDF73F82E8C}.Release|Any CPU.Build.0 = Release|Any CPU
		{A3AE91D5-B2BA-42AD-ACDC-BBDF73F82E8C}.Release|x64.ActiveCfg = Release|Any CPU
		{A3AE91D5-B2BA-42AD-ACDC-BBDF73F82E8C}.Release|x64.Build.0 = Release|Any CPU
		{A3AE91D5-B2BA-42AD-ACDC-BBDF73F82E8C}.Release|x86.ActiveCfg = Release|Any CPU
		{A3AE91D5-B2BA-42AD-ACDC-BBDF73F82E8C}.Release|x86.Build.0 = Release|Any CPU
		{AA63CCAA-3EC0-4D28-99C6-0CDD13214EED}.Debug|Any CPU.ActiveCfg = Debug|Any CPU
		{AA63CCAA-3EC0-4D28-99C6-0CDD13214EED}.Debug|Any CPU.Build.0 = Debug|Any CPU
		{AA63CCAA-3EC0-4D28-99C6-0CDD13214EED}.Debug|x64.ActiveCfg = Debug|Any CPU
		{AA63CCAA-3EC0-4D28-99C6-0CDD13214EED}.Debug|x64.Build.0 = Debug|Any CPU
		{AA63CCAA-3EC0-4D28-99C6-0CDD13214EED}.Debug|x86.ActiveCfg = Debug|Any CPU
		{AA63CCAA-3EC0-4D28-99C6-0CDD13214EED}.Debug|x86.Build.0 = Debug|Any CPU
		{AA63CCAA-3EC0-4D28-99C6-0CDD13214EED}.Release|Any CPU.ActiveCfg = Release|Any CPU
		{AA63CCAA-3EC0-4D28-99C6-0CDD13214EED}.Release|Any CPU.Build.0 = Release|Any CPU
		{AA63CCAA-3EC0-4D28-99C6-0CDD13214EED}.Release|x64.ActiveCfg = Release|Any CPU
		{AA63CCAA-3EC0-4D28-99C6-0CDD13214EED}.Release|x64.Build.0 = Release|Any CPU
		{AA63CCAA-3EC0-4D28-99C6-0CDD13214EED}.Release|x86.ActiveCfg = Release|Any CPU
		{AA63CCAA-3EC0-4D28-99C6-0CDD13214EED}.Release|x86.Build.0 = Release|Any CPU
		{21872CB3-63F2-4EA9-8DBE-0E243A548A14}.Debug|Any CPU.ActiveCfg = Debug|Any CPU
		{21872CB3-63F2-4EA9-8DBE-0E243A548A14}.Debug|Any CPU.Build.0 = Debug|Any CPU
		{21872CB3-63F2-4EA9-8DBE-0E243A548A14}.Debug|x64.ActiveCfg = Debug|Any CPU
		{21872CB3-63F2-4EA9-8DBE-0E243A548A14}.Debug|x64.Build.0 = Debug|Any CPU
		{21872CB3-63F2-4EA9-8DBE-0E243A548A14}.Debug|x86.ActiveCfg = Debug|Any CPU
		{21872CB3-63F2-4EA9-8DBE-0E243A548A14}.Debug|x86.Build.0 = Debug|Any CPU
		{21872CB3-63F2-4EA9-8DBE-0E243A548A14}.Release|Any CPU.ActiveCfg = Release|Any CPU
		{21872CB3-63F2-4EA9-8DBE-0E243A548A14}.Release|Any CPU.Build.0 = Release|Any CPU
		{21872CB3-63F2-4EA9-8DBE-0E243A548A14}.Release|x64.ActiveCfg = Release|Any CPU
		{21872CB3-63F2-4EA9-8DBE-0E243A548A14}.Release|x64.Build.0 = Release|Any CPU
		{21872CB3-63F2-4EA9-8DBE-0E243A548A14}.Release|x86.ActiveCfg = Release|Any CPU
		{21872CB3-63F2-4EA9-8DBE-0E243A548A14}.Release|x86.Build.0 = Release|Any CPU
		{ED29C0B6-8BE8-419D-96EF-93134B007E30}.Debug|Any CPU.ActiveCfg = Debug|Any CPU
		{ED29C0B6-8BE8-419D-96EF-93134B007E30}.Debug|Any CPU.Build.0 = Debug|Any CPU
		{ED29C0B6-8BE8-419D-96EF-93134B007E30}.Debug|x64.ActiveCfg = Debug|Any CPU
		{ED29C0B6-8BE8-419D-96EF-93134B007E30}.Debug|x64.Build.0 = Debug|Any CPU
		{ED29C0B6-8BE8-419D-96EF-93134B007E30}.Debug|x86.ActiveCfg = Debug|Any CPU
		{ED29C0B6-8BE8-419D-96EF-93134B007E30}.Debug|x86.Build.0 = Debug|Any CPU
		{ED29C0B6-8BE8-419D-96EF-93134B007E30}.Release|Any CPU.ActiveCfg = Release|Any CPU
		{ED29C0B6-8BE8-419D-96EF-93134B007E30}.Release|Any CPU.Build.0 = Release|Any CPU
		{ED29C0B6-8BE8-419D-96EF-93134B007E30}.Release|x64.ActiveCfg = Release|Any CPU
		{ED29C0B6-8BE8-419D-96EF-93134B007E30}.Release|x64.Build.0 = Release|Any CPU
		{ED29C0B6-8BE8-419D-96EF-93134B007E30}.Release|x86.ActiveCfg = Release|Any CPU
		{ED29C0B6-8BE8-419D-96EF-93134B007E30}.Release|x86.Build.0 = Release|Any CPU
		{B8AC4354-C0D1-4E30-9506-CC7AB5172B86}.Debug|Any CPU.ActiveCfg = Debug|Any CPU
		{B8AC4354-C0D1-4E30-9506-CC7AB5172B86}.Debug|Any CPU.Build.0 = Debug|Any CPU
		{B8AC4354-C0D1-4E30-9506-CC7AB5172B86}.Debug|x64.ActiveCfg = Debug|Any CPU
		{B8AC4354-C0D1-4E30-9506-CC7AB5172B86}.Debug|x64.Build.0 = Debug|Any CPU
		{B8AC4354-C0D1-4E30-9506-CC7AB5172B86}.Debug|x86.ActiveCfg = Debug|Any CPU
		{B8AC4354-C0D1-4E30-9506-CC7AB5172B86}.Debug|x86.Build.0 = Debug|Any CPU
		{B8AC4354-C0D1-4E30-9506-CC7AB5172B86}.Release|Any CPU.ActiveCfg = Release|Any CPU
		{B8AC4354-C0D1-4E30-9506-CC7AB5172B86}.Release|Any CPU.Build.0 = Release|Any CPU
		{B8AC4354-C0D1-4E30-9506-CC7AB5172B86}.Release|x64.ActiveCfg = Release|Any CPU
		{B8AC4354-C0D1-4E30-9506-CC7AB5172B86}.Release|x64.Build.0 = Release|Any CPU
		{B8AC4354-C0D1-4E30-9506-CC7AB5172B86}.Release|x86.ActiveCfg = Release|Any CPU
		{B8AC4354-C0D1-4E30-9506-CC7AB5172B86}.Release|x86.Build.0 = Release|Any CPU
		{45D2AC67-17B1-4FB4-8961-A2D207148D29}.Debug|Any CPU.ActiveCfg = Debug|Any CPU
		{45D2AC67-17B1-4FB4-8961-A2D207148D29}.Debug|Any CPU.Build.0 = Debug|Any CPU
		{45D2AC67-17B1-4FB4-8961-A2D207148D29}.Debug|x64.ActiveCfg = Debug|Any CPU
		{45D2AC67-17B1-4FB4-8961-A2D207148D29}.Debug|x64.Build.0 = Debug|Any CPU
		{45D2AC67-17B1-4FB4-8961-A2D207148D29}.Debug|x86.ActiveCfg = Debug|Any CPU
		{45D2AC67-17B1-4FB4-8961-A2D207148D29}.Debug|x86.Build.0 = Debug|Any CPU
		{45D2AC67-17B1-4FB4-8961-A2D207148D29}.Release|Any CPU.ActiveCfg = Release|Any CPU
		{45D2AC67-17B1-4FB4-8961-A2D207148D29}.Release|Any CPU.Build.0 = Release|Any CPU
		{45D2AC67-17B1-4FB4-8961-A2D207148D29}.Release|x64.ActiveCfg = Release|Any CPU
		{45D2AC67-17B1-4FB4-8961-A2D207148D29}.Release|x64.Build.0 = Release|Any CPU
		{45D2AC67-17B1-4FB4-8961-A2D207148D29}.Release|x86.ActiveCfg = Release|Any CPU
		{45D2AC67-17B1-4FB4-8961-A2D207148D29}.Release|x86.Build.0 = Release|Any CPU
		{DDD675A5-4860-4D50-A7F8-E3369C8C0D42}.Debug|Any CPU.ActiveCfg = Debug|Any CPU
		{DDD675A5-4860-4D50-A7F8-E3369C8C0D42}.Debug|Any CPU.Build.0 = Debug|Any CPU
		{DDD675A5-4860-4D50-A7F8-E3369C8C0D42}.Debug|x64.ActiveCfg = Debug|Any CPU
		{DDD675A5-4860-4D50-A7F8-E3369C8C0D42}.Debug|x64.Build.0 = Debug|Any CPU
		{DDD675A5-4860-4D50-A7F8-E3369C8C0D42}.Debug|x86.ActiveCfg = Debug|Any CPU
		{DDD675A5-4860-4D50-A7F8-E3369C8C0D42}.Debug|x86.Build.0 = Debug|Any CPU
		{DDD675A5-4860-4D50-A7F8-E3369C8C0D42}.Release|Any CPU.ActiveCfg = Release|Any CPU
		{DDD675A5-4860-4D50-A7F8-E3369C8C0D42}.Release|Any CPU.Build.0 = Release|Any CPU
		{DDD675A5-4860-4D50-A7F8-E3369C8C0D42}.Release|x64.ActiveCfg = Release|Any CPU
		{DDD675A5-4860-4D50-A7F8-E3369C8C0D42}.Release|x64.Build.0 = Release|Any CPU
		{DDD675A5-4860-4D50-A7F8-E3369C8C0D42}.Release|x86.ActiveCfg = Release|Any CPU
		{DDD675A5-4860-4D50-A7F8-E3369C8C0D42}.Release|x86.Build.0 = Release|Any CPU
		{7839FE67-9691-4489-81E9-96DFAA433E14}.Debug|Any CPU.ActiveCfg = Debug|Any CPU
		{7839FE67-9691-4489-81E9-96DFAA433E14}.Debug|Any CPU.Build.0 = Debug|Any CPU
		{7839FE67-9691-4489-81E9-96DFAA433E14}.Debug|x64.ActiveCfg = Debug|Any CPU
		{7839FE67-9691-4489-81E9-96DFAA433E14}.Debug|x64.Build.0 = Debug|Any CPU
		{7839FE67-9691-4489-81E9-96DFAA433E14}.Debug|x86.ActiveCfg = Debug|Any CPU
		{7839FE67-9691-4489-81E9-96DFAA433E14}.Debug|x86.Build.0 = Debug|Any CPU
		{7839FE67-9691-4489-81E9-96DFAA433E14}.Release|Any CPU.ActiveCfg = Release|Any CPU
		{7839FE67-9691-4489-81E9-96DFAA433E14}.Release|Any CPU.Build.0 = Release|Any CPU
		{7839FE67-9691-4489-81E9-96DFAA433E14}.Release|x64.ActiveCfg = Release|Any CPU
		{7839FE67-9691-4489-81E9-96DFAA433E14}.Release|x64.Build.0 = Release|Any CPU
		{7839FE67-9691-4489-81E9-96DFAA433E14}.Release|x86.ActiveCfg = Release|Any CPU
		{7839FE67-9691-4489-81E9-96DFAA433E14}.Release|x86.Build.0 = Release|Any CPU
		{C45E60B3-D45A-44EB-996A-57029AB80112}.Debug|Any CPU.ActiveCfg = Debug|Any CPU
		{C45E60B3-D45A-44EB-996A-57029AB80112}.Debug|Any CPU.Build.0 = Debug|Any CPU
		{C45E60B3-D45A-44EB-996A-57029AB80112}.Debug|x64.ActiveCfg = Debug|Any CPU
		{C45E60B3-D45A-44EB-996A-57029AB80112}.Debug|x64.Build.0 = Debug|Any CPU
		{C45E60B3-D45A-44EB-996A-57029AB80112}.Debug|x86.ActiveCfg = Debug|Any CPU
		{C45E60B3-D45A-44EB-996A-57029AB80112}.Debug|x86.Build.0 = Debug|Any CPU
		{C45E60B3-D45A-44EB-996A-57029AB80112}.Release|Any CPU.ActiveCfg = Release|Any CPU
		{C45E60B3-D45A-44EB-996A-57029AB80112}.Release|Any CPU.Build.0 = Release|Any CPU
		{C45E60B3-D45A-44EB-996A-57029AB80112}.Release|x64.ActiveCfg = Release|Any CPU
		{C45E60B3-D45A-44EB-996A-57029AB80112}.Release|x64.Build.0 = Release|Any CPU
		{C45E60B3-D45A-44EB-996A-57029AB80112}.Release|x86.ActiveCfg = Release|Any CPU
		{C45E60B3-D45A-44EB-996A-57029AB80112}.Release|x86.Build.0 = Release|Any CPU
		{CF144917-DCD5-4F83-A349-764A1DA6A19B}.Debug|Any CPU.ActiveCfg = Debug|Any CPU
		{CF144917-DCD5-4F83-A349-764A1DA6A19B}.Debug|Any CPU.Build.0 = Debug|Any CPU
		{CF144917-DCD5-4F83-A349-764A1DA6A19B}.Debug|x64.ActiveCfg = Debug|Any CPU
		{CF144917-DCD5-4F83-A349-764A1DA6A19B}.Debug|x64.Build.0 = Debug|Any CPU
		{CF144917-DCD5-4F83-A349-764A1DA6A19B}.Debug|x86.ActiveCfg = Debug|Any CPU
		{CF144917-DCD5-4F83-A349-764A1DA6A19B}.Debug|x86.Build.0 = Debug|Any CPU
		{CF144917-DCD5-4F83-A349-764A1DA6A19B}.Release|Any CPU.ActiveCfg = Release|Any CPU
		{CF144917-DCD5-4F83-A349-764A1DA6A19B}.Release|Any CPU.Build.0 = Release|Any CPU
		{CF144917-DCD5-4F83-A349-764A1DA6A19B}.Release|x64.ActiveCfg = Release|Any CPU
		{CF144917-DCD5-4F83-A349-764A1DA6A19B}.Release|x64.Build.0 = Release|Any CPU
		{CF144917-DCD5-4F83-A349-764A1DA6A19B}.Release|x86.ActiveCfg = Release|Any CPU
		{CF144917-DCD5-4F83-A349-764A1DA6A19B}.Release|x86.Build.0 = Release|Any CPU
		{4E8813A0-479A-45B6-A671-36B757F62737}.Debug|Any CPU.ActiveCfg = Debug|Any CPU
		{4E8813A0-479A-45B6-A671-36B757F62737}.Debug|Any CPU.Build.0 = Debug|Any CPU
		{4E8813A0-479A-45B6-A671-36B757F62737}.Debug|x64.ActiveCfg = Debug|Any CPU
		{4E8813A0-479A-45B6-A671-36B757F62737}.Debug|x64.Build.0 = Debug|Any CPU
		{4E8813A0-479A-45B6-A671-36B757F62737}.Debug|x86.ActiveCfg = Debug|Any CPU
		{4E8813A0-479A-45B6-A671-36B757F62737}.Debug|x86.Build.0 = Debug|Any CPU
		{4E8813A0-479A-45B6-A671-36B757F62737}.Release|Any CPU.ActiveCfg = Release|Any CPU
		{4E8813A0-479A-45B6-A671-36B757F62737}.Release|Any CPU.Build.0 = Release|Any CPU
		{4E8813A0-479A-45B6-A671-36B757F62737}.Release|x64.ActiveCfg = Release|Any CPU
		{4E8813A0-479A-45B6-A671-36B757F62737}.Release|x64.Build.0 = Release|Any CPU
		{4E8813A0-479A-45B6-A671-36B757F62737}.Release|x86.ActiveCfg = Release|Any CPU
		{4E8813A0-479A-45B6-A671-36B757F62737}.Release|x86.Build.0 = Release|Any CPU
		{983293FE-32FC-4B28-845A-F82E1D588901}.Debug|Any CPU.ActiveCfg = Debug|Any CPU
		{983293FE-32FC-4B28-845A-F82E1D588901}.Debug|Any CPU.Build.0 = Debug|Any CPU
		{983293FE-32FC-4B28-845A-F82E1D588901}.Debug|x64.ActiveCfg = Debug|Any CPU
		{983293FE-32FC-4B28-845A-F82E1D588901}.Debug|x64.Build.0 = Debug|Any CPU
		{983293FE-32FC-4B28-845A-F82E1D588901}.Debug|x86.ActiveCfg = Debug|Any CPU
		{983293FE-32FC-4B28-845A-F82E1D588901}.Debug|x86.Build.0 = Debug|Any CPU
		{983293FE-32FC-4B28-845A-F82E1D588901}.Release|Any CPU.ActiveCfg = Release|Any CPU
		{983293FE-32FC-4B28-845A-F82E1D588901}.Release|Any CPU.Build.0 = Release|Any CPU
		{983293FE-32FC-4B28-845A-F82E1D588901}.Release|x64.ActiveCfg = Release|Any CPU
		{983293FE-32FC-4B28-845A-F82E1D588901}.Release|x64.Build.0 = Release|Any CPU
		{983293FE-32FC-4B28-845A-F82E1D588901}.Release|x86.ActiveCfg = Release|Any CPU
		{983293FE-32FC-4B28-845A-F82E1D588901}.Release|x86.Build.0 = Release|Any CPU
	EndGlobalSection
	GlobalSection(SolutionProperties) = preSolution
		HideSolutionNode = FALSE
	EndGlobalSection
EndGlobal
